// !$*UTF8*$!
{
	archiveVersion = 1;
	classes = {
	};
	objectVersion = 45;
	objects = {

/* Begin PBXBuildFile section */
		1B158B6F12551FE400584D8E /* WBProgress.strings in Resources */ = {isa = PBXBuildFile; fileRef = 1B158AC212551FE300584D8E /* WBProgress.strings */; };
		1B158BEF1255205100584D8E /* NSArrayController+WonderBox.h in Headers */ = {isa = PBXBuildFile; fileRef = 1B158A6412551FE300584D8E /* NSArrayController+WonderBox.h */; settings = {ATTRIBUTES = (Public, ); }; };
		1B158BF01255205100584D8E /* NSArrayController+WonderBox.m in Sources */ = {isa = PBXBuildFile; fileRef = 1B158A6512551FE300584D8E /* NSArrayController+WonderBox.m */; };
		1B158BF11255205500584D8E /* NSError+WonderBox.h in Headers */ = {isa = PBXBuildFile; fileRef = 1B158A8F12551FE300584D8E /* NSError+WonderBox.h */; settings = {ATTRIBUTES = (Public, ); }; };
		1B158BF21255205600584D8E /* NSError+WonderBox.m in Sources */ = {isa = PBXBuildFile; fileRef = 1B158A9012551FE300584D8E /* NSError+WonderBox.m */; };
		1B158BF31255205700584D8E /* NSImage+WonderBox.h in Headers */ = {isa = PBXBuildFile; fileRef = 1B158A6C12551FE300584D8E /* NSImage+WonderBox.h */; settings = {ATTRIBUTES = (Public, ); }; };
		1B158BF41255205700584D8E /* NSImage+WonderBox.m in Sources */ = {isa = PBXBuildFile; fileRef = 1B158A6D12551FE300584D8E /* NSImage+WonderBox.m */; };
		1B158BF51255205A00584D8E /* NSObject+WonderBox.h in Headers */ = {isa = PBXBuildFile; fileRef = 1B158A9112551FE300584D8E /* NSObject+WonderBox.h */; settings = {ATTRIBUTES = (Public, ); }; };
		1B158BF61255205B00584D8E /* NSObject+WonderBox.m in Sources */ = {isa = PBXBuildFile; fileRef = 1B158A9212551FE300584D8E /* NSObject+WonderBox.m */; };
		1B158BF81255206600584D8E /* NSTableView+WonderBox.h in Headers */ = {isa = PBXBuildFile; fileRef = 1B158A7012551FE300584D8E /* NSTableView+WonderBox.h */; settings = {ATTRIBUTES = (Public, ); }; };
		1B158BF91255206700584D8E /* NSTableView+WonderBox.m in Sources */ = {isa = PBXBuildFile; fileRef = 1B158A7112551FE300584D8E /* NSTableView+WonderBox.m */; };
		1B158BFA1255206A00584D8E /* WBAEFunctions.c in Sources */ = {isa = PBXBuildFile; fileRef = 1B158AA612551FE300584D8E /* WBAEFunctions.c */; };
		1B158BFB1255206B00584D8E /* WBAEFunctions.h in Headers */ = {isa = PBXBuildFile; fileRef = 1B158AA712551FE300584D8E /* WBAEFunctions.h */; settings = {ATTRIBUTES = (Public, ); }; };
		1B158BFC1255206C00584D8E /* WBAlias.h in Headers */ = {isa = PBXBuildFile; fileRef = 1B158A9312551FE300584D8E /* WBAlias.h */; settings = {ATTRIBUTES = (Public, ); }; };
		1B158BFD1255206C00584D8E /* WBAlias.m in Sources */ = {isa = PBXBuildFile; fileRef = 1B158A9412551FE300584D8E /* WBAlias.m */; };
		1B158BFE1255207100584D8E /* WBAudioFunctions.h in Headers */ = {isa = PBXBuildFile; fileRef = 1B158AE712551FE300584D8E /* WBAudioFunctions.h */; settings = {ATTRIBUTES = (Public, ); }; };
		1B158BFF1255207100584D8E /* WBAudioFunctions.mm in Sources */ = {isa = PBXBuildFile; fileRef = 1B158AE812551FE300584D8E /* WBAudioFunctions.mm */; };
		1B158C001255207900584D8E /* WBCDSAFunctions.c in Sources */ = {isa = PBXBuildFile; fileRef = 1B158B0112551FE300584D8E /* WBCDSAFunctions.c */; };
		1B158C011255207900584D8E /* WBCDSAFunctions.h in Headers */ = {isa = PBXBuildFile; fileRef = 1B158B0212551FE300584D8E /* WBCDSAFunctions.h */; settings = {ATTRIBUTES = (Public, ); }; };
		1B158C021255207D00584D8E /* WBCGFunctions.h in Headers */ = {isa = PBXBuildFile; fileRef = 1B158AAA12551FE300584D8E /* WBCGFunctions.h */; settings = {ATTRIBUTES = (Public, ); }; };
		1B158C031255207D00584D8E /* WBCGFunctions.m in Sources */ = {isa = PBXBuildFile; fileRef = 1B158AAB12551FE300584D8E /* WBCGFunctions.m */; };
		1B158C041255207F00584D8E /* WBClassCluster.h in Headers */ = {isa = PBXBuildFile; fileRef = 1B158AE112551FE300584D8E /* WBClassCluster.h */; settings = {ATTRIBUTES = (Public, ); }; };
		1B158C051255208100584D8E /* WBCollapseView.h in Headers */ = {isa = PBXBuildFile; fileRef = 1B158A8712551FE300584D8E /* WBCollapseView.h */; settings = {ATTRIBUTES = (Public, ); }; };
		1B158C061255208100584D8E /* WBCollapseView.m in Sources */ = {isa = PBXBuildFile; fileRef = 1B158A8812551FE300584D8E /* WBCollapseView.m */; };
		1B158C071255208500584D8E /* WBDaemonTask.h in Headers */ = {isa = PBXBuildFile; fileRef = 1B158AD812551FE300584D8E /* WBDaemonTask.h */; settings = {ATTRIBUTES = (Public, ); }; };
		1B158C081255208500584D8E /* WBDaemonTask.m in Sources */ = {isa = PBXBuildFile; fileRef = 1B158AD912551FE300584D8E /* WBDaemonTask.m */; };
		1B158C091255208A00584D8E /* WBFinderSuite.c in Sources */ = {isa = PBXBuildFile; fileRef = 1B158AAC12551FE300584D8E /* WBFinderSuite.c */; };
		1B158C0A1255208A00584D8E /* WBFinderSuite.h in Headers */ = {isa = PBXBuildFile; fileRef = 1B158AAD12551FE300584D8E /* WBFinderSuite.h */; settings = {ATTRIBUTES = (Public, ); }; };
		1B158C0C1255208D00584D8E /* WBFSFunctions.h in Headers */ = {isa = PBXBuildFile; fileRef = 1B158AAE12551FE300584D8E /* WBFSFunctions.h */; settings = {ATTRIBUTES = (Public, ); }; };
		1B158C0D1255208D00584D8E /* WBFSFunctions.m in Sources */ = {isa = PBXBuildFile; fileRef = 1B158AAF12551FE300584D8E /* WBFSFunctions.m */; };
		1B158C0E1255209100584D8E /* WBFunctions.h in Headers */ = {isa = PBXBuildFile; fileRef = 1B158AB012551FE300584D8E /* WBFunctions.h */; settings = {ATTRIBUTES = (Public, ); }; };
		1B158C0F1255209100584D8E /* WBFunctions.m in Sources */ = {isa = PBXBuildFile; fileRef = 1B158AB112551FE300584D8E /* WBFunctions.m */; };
		1B158C101255209200584D8E /* WBGeometry.h in Headers */ = {isa = PBXBuildFile; fileRef = 1B158AB212551FE300584D8E /* WBGeometry.h */; settings = {ATTRIBUTES = (Public, ); }; };
		1B158C111255209200584D8E /* WBGeometry.m in Sources */ = {isa = PBXBuildFile; fileRef = 1B158AB312551FE300584D8E /* WBGeometry.m */; };
		1B158C121255209400584D8E /* WBGLFrameBuffer.h in Headers */ = {isa = PBXBuildFile; fileRef = 1B158AF812551FE300584D8E /* WBGLFrameBuffer.h */; settings = {ATTRIBUTES = (Public, ); }; };
		1B158C131255209500584D8E /* WBGLFrameBuffer.m in Sources */ = {isa = PBXBuildFile; fileRef = 1B158AF912551FE300584D8E /* WBGLFrameBuffer.m */; };
		1B158C141255209700584D8E /* WBGradient.h in Headers */ = {isa = PBXBuildFile; fileRef = 1B158AC912551FE300584D8E /* WBGradient.h */; settings = {ATTRIBUTES = (Public, ); }; };
		1B158C151255209700584D8E /* WBGradient.m in Sources */ = {isa = PBXBuildFile; fileRef = 1B158ACA12551FE300584D8E /* WBGradient.m */; };
		1B158C161255209D00584D8E /* WBImageAndTextCell.h in Headers */ = {isa = PBXBuildFile; fileRef = 1B158ACB12551FE300584D8E /* WBImageAndTextCell.h */; settings = {ATTRIBUTES = (Public, ); }; };
		1B158C171255209D00584D8E /* WBImageAndTextCell.m in Sources */ = {isa = PBXBuildFile; fileRef = 1B158ACC12551FE300584D8E /* WBImageAndTextCell.m */; };
		1B158C18125520A000584D8E /* WBInterpolationFunction.h in Headers */ = {isa = PBXBuildFile; fileRef = 1B158A9B12551FE300584D8E /* WBInterpolationFunction.h */; settings = {ATTRIBUTES = (Public, ); }; };
		1B158C19125520A000584D8E /* WBInterpolationFunction.m in Sources */ = {isa = PBXBuildFile; fileRef = 1B158A9C12551FE300584D8E /* WBInterpolationFunction.m */; };
		1B158C1A125520A200584D8E /* WBLSFunctions.h in Headers */ = {isa = PBXBuildFile; fileRef = 1B158AB612551FE300584D8E /* WBLSFunctions.h */; settings = {ATTRIBUTES = (Public, ); }; };
		1B158C1B125520A300584D8E /* WBLSFunctions.m in Sources */ = {isa = PBXBuildFile; fileRef = 1B158AB712551FE300584D8E /* WBLSFunctions.m */; };
		1B158C1C125520AC00584D8E /* WBMediaFunctions.h in Headers */ = {isa = PBXBuildFile; fileRef = 1B158AED12551FE300584D8E /* WBMediaFunctions.h */; settings = {ATTRIBUTES = (Public, ); }; };
		1B158C1D125520AC00584D8E /* WBMediaFunctions.m in Sources */ = {isa = PBXBuildFile; fileRef = 1B158AEE12551FE300584D8E /* WBMediaFunctions.m */; };
		1B158C1E125520BC00584D8E /* WBObjCRuntime.h in Headers */ = {isa = PBXBuildFile; fileRef = 1B158AB812551FE300584D8E /* WBObjCRuntime.h */; settings = {ATTRIBUTES = (Public, ); }; };
		1B158C1F125520BD00584D8E /* WBObjCRuntime.m in Sources */ = {isa = PBXBuildFile; fileRef = 1B158AB912551FE300584D8E /* WBObjCRuntime.m */; };
		1B158C20125520BF00584D8E /* WBOpenGLView.h in Headers */ = {isa = PBXBuildFile; fileRef = 1B158AFE12551FE300584D8E /* WBOpenGLView.h */; settings = {ATTRIBUTES = (Public, ); }; };
		1B158C21125520BF00584D8E /* WBOpenGLView.m in Sources */ = {isa = PBXBuildFile; fileRef = 1B158AFF12551FE300584D8E /* WBOpenGLView.m */; };
		1B158C22125520C100584D8E /* WBOutlineView.h in Headers */ = {isa = PBXBuildFile; fileRef = 1B158A7812551FE300584D8E /* WBOutlineView.h */; settings = {ATTRIBUTES = (Public, ); }; };
		1B158C23125520C100584D8E /* WBOutlineView.m in Sources */ = {isa = PBXBuildFile; fileRef = 1B158A7912551FE300584D8E /* WBOutlineView.m */; };
		1B158C24125520C300584D8E /* WBProcessFunctions.c in Sources */ = {isa = PBXBuildFile; fileRef = 1B158ABA12551FE300584D8E /* WBProcessFunctions.c */; };
		1B158C25125520C300584D8E /* WBProcessFunctions.h in Headers */ = {isa = PBXBuildFile; fileRef = 1B158ABB12551FE300584D8E /* WBProcessFunctions.h */; settings = {ATTRIBUTES = (Public, ); }; };
		1B158C26125520C800584D8E /* WBProgressPanel.h in Headers */ = {isa = PBXBuildFile; fileRef = 1B158ACF12551FE300584D8E /* WBProgressPanel.h */; settings = {ATTRIBUTES = (Public, ); }; };
		1B158C27125520C800584D8E /* WBProgressPanel.m in Sources */ = {isa = PBXBuildFile; fileRef = 1B158AD012551FE300584D8E /* WBProgressPanel.m */; };
		1B158C28125520CF00584D8E /* WBProgressPanel.xib in Resources */ = {isa = PBXBuildFile; fileRef = 1B158AC512551FE300584D8E /* WBProgressPanel.xib */; };
		1B158C29125520D000584D8E /* WBQTMovieTimecode.h in Headers */ = {isa = PBXBuildFile; fileRef = 1B158AF312551FE300584D8E /* WBQTMovieTimecode.h */; settings = {ATTRIBUTES = (Public, ); }; };
		1B158C2A125520D100584D8E /* WBQTMovieTimecode.m in Sources */ = {isa = PBXBuildFile; fileRef = 1B158AF412551FE300584D8E /* WBQTMovieTimecode.m */; };
		1B158C2B125520D500584D8E /* WBSecurityFunctions.c in Sources */ = {isa = PBXBuildFile; fileRef = 1B158B0512551FE300584D8E /* WBSecurityFunctions.c */; };
		1B158C2C125520D600584D8E /* WBSecurityFunctions.h in Headers */ = {isa = PBXBuildFile; fileRef = 1B158B0612551FE300584D8E /* WBSecurityFunctions.h */; settings = {ATTRIBUTES = (Public, ); }; };
		1B158C2D125520D600584D8E /* WBSerialQueue.h in Headers */ = {isa = PBXBuildFile; fileRef = 1B158A9D12551FE300584D8E /* WBSerialQueue.h */; settings = {ATTRIBUTES = (Public, ); }; };
		1B158C2E125520D600584D8E /* WBSerialQueue.m in Sources */ = {isa = PBXBuildFile; fileRef = 1B158A9E12551FE300584D8E /* WBSerialQueue.m */; };
		1B158C2F125520D900584D8E /* WBServiceManagement.c in Sources */ = {isa = PBXBuildFile; fileRef = 1B158ADE12551FE300584D8E /* WBServiceManagement.c */; };
		1B158C30125520D900584D8E /* WBServiceManagement.h in Headers */ = {isa = PBXBuildFile; fileRef = 1B158ADF12551FE300584D8E /* WBServiceManagement.h */; settings = {ATTRIBUTES = (Public, ); }; };
		1B158C31125520DD00584D8E /* WBTableDataSource.h in Headers */ = {isa = PBXBuildFile; fileRef = 1B158A7C12551FE300584D8E /* WBTableDataSource.h */; settings = {ATTRIBUTES = (Public, ); }; };
		1B158C32125520DE00584D8E /* WBTableDataSource.m in Sources */ = {isa = PBXBuildFile; fileRef = 1B158A7D12551FE300584D8E /* WBTableDataSource.m */; };
		1B158C33125520E000584D8E /* WBTableView.h in Headers */ = {isa = PBXBuildFile; fileRef = 1B158A7E12551FE300584D8E /* WBTableView.h */; settings = {ATTRIBUTES = (Public, ); }; };
		1B158C34125520E000584D8E /* WBTableView.m in Sources */ = {isa = PBXBuildFile; fileRef = 1B158A7F12551FE300584D8E /* WBTableView.m */; };
		1B158C35125520E200584D8E /* WBTabWindow.xib in Resources */ = {isa = PBXBuildFile; fileRef = 1B158AC612551FE300584D8E /* WBTabWindow.xib */; };
		1B158C36125520E300584D8E /* WBTabWindowController.h in Headers */ = {isa = PBXBuildFile; fileRef = 1B158AD312551FE300584D8E /* WBTabWindowController.h */; settings = {ATTRIBUTES = (Public, ); }; };
		1B158C37125520E300584D8E /* WBTabWindowController.m in Sources */ = {isa = PBXBuildFile; fileRef = 1B158AD412551FE300584D8E /* WBTabWindowController.m */; };
		1B158C38125520E500584D8E /* WBTextFieldCell.h in Headers */ = {isa = PBXBuildFile; fileRef = 1B158AD512551FE300584D8E /* WBTextFieldCell.h */; settings = {ATTRIBUTES = (Public, ); }; };
		1B158C39125520E600584D8E /* WBTextFieldCell.m in Sources */ = {isa = PBXBuildFile; fileRef = 1B158AD612551FE300584D8E /* WBTextFieldCell.m */; };
		1B158C3A125520E700584D8E /* WBThreadPort.h in Headers */ = {isa = PBXBuildFile; fileRef = 1B158A9F12551FE300584D8E /* WBThreadPort.h */; settings = {ATTRIBUTES = (Public, ); }; };
		1B158C3B125520E700584D8E /* WBThreadPort.m in Sources */ = {isa = PBXBuildFile; fileRef = 1B158AA012551FE300584D8E /* WBThreadPort.m */; };
		1B158C3C125520F400584D8E /* WBVersionFunctions.h in Headers */ = {isa = PBXBuildFile; fileRef = 1B158ABE12551FE300584D8E /* WBVersionFunctions.h */; settings = {ATTRIBUTES = (Public, ); }; };
		1B158C3D125520F400584D8E /* WBVersionFunctions.m in Sources */ = {isa = PBXBuildFile; fileRef = 1B158ABF12551FE300584D8E /* WBVersionFunctions.m */; };
		1B158C3E125520F500584D8E /* WBWindowController.h in Headers */ = {isa = PBXBuildFile; fileRef = 1B158A8412551FE300584D8E /* WBWindowController.h */; settings = {ATTRIBUTES = (Public, ); }; };
		1B158C3F125520F600584D8E /* WBWindowController.m in Sources */ = {isa = PBXBuildFile; fileRef = 1B158A8512551FE300584D8E /* WBWindowController.m */; };
		1B158D8E1255225400584D8E /* Security.framework in Frameworks */ = {isa = PBXBuildFile; fileRef = 1B158D8D1255225400584D8E /* Security.framework */; };
		1B158D931255226B00584D8E /* OpenGL.framework in Frameworks */ = {isa = PBXBuildFile; fileRef = 1B6342CB0E0A9380002E195E /* OpenGL.framework */; };
		1B158E671255227F00584D8E /* QuickTime.framework in Frameworks */ = {isa = PBXBuildFile; fileRef = 1B6342C40E0A9362002E195E /* QuickTime.framework */; };
		1B158E6A1255228400584D8E /* QTKit.framework in Frameworks */ = {isa = PBXBuildFile; fileRef = 1B6342C20E0A9362002E195E /* QTKit.framework */; };
		1B158E8C1255229E00584D8E /* CoreVideo.framework in Frameworks */ = {isa = PBXBuildFile; fileRef = 1B158E8B1255229E00584D8E /* CoreVideo.framework */; };
		1B158EA2125522B600584D8E /* WBCollapseViewItem.m in Sources */ = {isa = PBXBuildFile; fileRef = 1B158A8C12551FE300584D8E /* WBCollapseViewItem.m */; };
		1B158EA3125522B600584D8E /* WBCollapseViewItem.h in Headers */ = {isa = PBXBuildFile; fileRef = 1B158A8B12551FE300584D8E /* WBCollapseViewItem.h */; settings = {ATTRIBUTES = (Public, ); }; };
		1B158EA4125522B600584D8E /* WBCollapseViewInternal.m in Sources */ = {isa = PBXBuildFile; fileRef = 1B158A8A12551FE300584D8E /* WBCollapseViewInternal.m */; };
		1B158EA5125522B700584D8E /* WBCollapseViewInternal.h in Headers */ = {isa = PBXBuildFile; fileRef = 1B158A8912551FE300584D8E /* WBCollapseViewInternal.h */; };
		1B158EF61255244300584D8E /* WBGLStringBox.h in Headers */ = {isa = PBXBuildFile; fileRef = 1B158AFA12551FE300584D8E /* WBGLStringBox.h */; settings = {ATTRIBUTES = (Private, ); }; };
		1B158EF71255244400584D8E /* WBGLStringBox.m in Sources */ = {isa = PBXBuildFile; fileRef = 1B158AFB12551FE300584D8E /* WBGLStringBox.m */; };
		1B158EF81255244D00584D8E /* WBBoxLayer.h in Headers */ = {isa = PBXBuildFile; fileRef = 1B158AC712551FE300584D8E /* WBBoxLayer.h */; settings = {ATTRIBUTES = (Private, ); }; };
		1B158EF91255244D00584D8E /* WBBoxLayer.m in Sources */ = {isa = PBXBuildFile; fileRef = 1B158AC812551FE300584D8E /* WBBoxLayer.m */; };
		1B158EFA1255245500584D8E /* WBStringLayer.h in Headers */ = {isa = PBXBuildFile; fileRef = 1B158AD112551FE300584D8E /* WBStringLayer.h */; settings = {ATTRIBUTES = (Private, ); }; };
		1B158EFB1255245500584D8E /* WBStringLayer.m in Sources */ = {isa = PBXBuildFile; fileRef = 1B158AD212551FE300584D8E /* WBStringLayer.m */; };
		1B4C14E51255E65D00C82DE3 /* WBDateTableColumn.h in Headers */ = {isa = PBXBuildFile; fileRef = 1B4C14E31255E65D00C82DE3 /* WBDateTableColumn.h */; settings = {ATTRIBUTES = (Public, ); }; };
		1B4C14E61255E65D00C82DE3 /* WBDateTableColumn.m in Sources */ = {isa = PBXBuildFile; fileRef = 1B4C14E41255E65D00C82DE3 /* WBDateTableColumn.m */; };
		1B5634900F5AF9C400BD119C /* WBBase64Test.m in Sources */ = {isa = PBXBuildFile; fileRef = 1B63B9710EE2C57F000ED041 /* WBBase64Test.m */; };
		1B5634920F5AF9C400BD119C /* WBFunctionsTest.m in Sources */ = {isa = PBXBuildFile; fileRef = 1BE35AD80D36E1120007ED9A /* WBFunctionsTest.m */; };
		1B5634930F5AF9C400BD119C /* WBLSFunctionsTest.m in Sources */ = {isa = PBXBuildFile; fileRef = 1BE35ADA0D36E1120007ED9A /* WBLSFunctionsTest.m */; };
		1B5634940F5AF9C400BD119C /* WBMacroTests.m in Sources */ = {isa = PBXBuildFile; fileRef = 1B4F54E10F53E9080091CADB /* WBMacroTests.m */; };
		1B5634960F5AF9C400BD119C /* WBScopeTest.m in Sources */ = {isa = PBXBuildFile; fileRef = 1B3F052C0EFAA340009F43A5 /* WBScopeTest.m */; };
		1B5634980F5AF9D700BD119C /* GHUnit.framework in Frameworks */ = {isa = PBXBuildFile; fileRef = 1B5634970F5AF9D700BD119C /* GHUnit.framework */; };
		1B5634A90F5AFA6000BD119C /* Cocoa.framework in Frameworks */ = {isa = PBXBuildFile; fileRef = 1058C7B1FEA5585E11CA2CBB /* Cocoa.framework */; };
		1B8B08841255D1420028DAD4 /* WBBase.h in Headers */ = {isa = PBXBuildFile; fileRef = 1B8B08831255D1420028DAD4 /* WBBase.h */; settings = {ATTRIBUTES = (Public, ); }; };
		1BB7CC3D129C2E59003C3E95 /* WBIndexSetIterator.h in Headers */ = {isa = PBXBuildFile; fileRef = 1BB7CC3B129C2E59003C3E95 /* WBIndexSetIterator.h */; settings = {ATTRIBUTES = (Public, ); }; };
		1BB7CC3E129C2E59003C3E95 /* WBIndexSetIterator.m in Sources */ = {isa = PBXBuildFile; fileRef = 1BB7CC3C129C2E59003C3E95 /* WBIndexSetIterator.m */; };
		1BB7CCAC129C350D003C3E95 /* GHUnitTestMain.m in Sources */ = {isa = PBXBuildFile; fileRef = 1BB7CCA8129C3507003C3E95 /* GHUnitTestMain.m */; };
		1BB7CCB4129C3521003C3E95 /* WBBase64.c in Sources */ = {isa = PBXBuildFile; fileRef = 1B158AA812551FE300584D8E /* WBBase64.c */; };
		1BB7CCB9129C353C003C3E95 /* WBObjCRuntime.m in Sources */ = {isa = PBXBuildFile; fileRef = 1B158AB912551FE300584D8E /* WBObjCRuntime.m */; };
		1BB7CCBC129C3542003C3E95 /* WBVersionFunctions.m in Sources */ = {isa = PBXBuildFile; fileRef = 1B158ABF12551FE300584D8E /* WBVersionFunctions.m */; };
		1BB7CCBF129C3546003C3E95 /* WBLSFunctions.m in Sources */ = {isa = PBXBuildFile; fileRef = 1B158AB712551FE300584D8E /* WBLSFunctions.m */; };
		1BB7CCC2129C354B003C3E95 /* WBFunctions.m in Sources */ = {isa = PBXBuildFile; fileRef = 1B158AB112551FE300584D8E /* WBFunctions.m */; };
		1BB7CCE6129C35B7003C3E95 /* WBIndexIteratorTests.m in Sources */ = {isa = PBXBuildFile; fileRef = 1BB7CCE5129C35B7003C3E95 /* WBIndexIteratorTests.m */; };
		1BB7CCEC129C3682003C3E95 /* WBIndexSetIterator.m in Sources */ = {isa = PBXBuildFile; fileRef = 1BB7CC3C129C2E59003C3E95 /* WBIndexSetIterator.m */; };
		1BD8EF431257F5F600F359B0 /* RSEditor.xib in Resources */ = {isa = PBXBuildFile; fileRef = 1BD8EF3F1257F5F600F359B0 /* RSEditor.xib */; };
		1BD8EF441257F5F600F359B0 /* RSEditorView.h in Headers */ = {isa = PBXBuildFile; fileRef = 1BD8EF401257F5F600F359B0 /* RSEditorView.h */; settings = {ATTRIBUTES = (Private, ); }; };
		1BD8EF451257F5F600F359B0 /* RSEditorView.m in Sources */ = {isa = PBXBuildFile; fileRef = 1BD8EF411257F5F600F359B0 /* RSEditorView.m */; };
		1BD8EF461257F5F600F359B0 /* TOutline.png in Resources */ = {isa = PBXBuildFile; fileRef = 1BD8EF421257F5F600F359B0 /* TOutline.png */; };
		8DC2EF530486A6940098B216 /* InfoPlist.strings in Resources */ = {isa = PBXBuildFile; fileRef = 089C1666FE841158C02AAC07 /* InfoPlist.strings */; };
		8DC2EF570486A6940098B216 /* Cocoa.framework in Frameworks */ = {isa = PBXBuildFile; fileRef = 1058C7B1FEA5585E11CA2CBB /* Cocoa.framework */; };
/* End PBXBuildFile section */

/* Begin PBXBuildRule section */
		1B9CA7530DC8CA7400BAF149 /* PBXBuildRule */ = {
			isa = PBXBuildRule;
			compilerSpec = com.apple.compilers.ccc.1_0;
			fileType = sourcecode.c;
			isEditable = 1;
			outputFiles = (
			);
		};
/* End PBXBuildRule section */

/* Begin PBXFileReference section */
		0867D69BFE84028FC02AAC07 /* Foundation.framework */ = {isa = PBXFileReference; lastKnownFileType = wrapper.framework; name = Foundation.framework; path = /System/Library/Frameworks/Foundation.framework; sourceTree = "<absolute>"; };
		0867D6A5FE840307C02AAC07 /* AppKit.framework */ = {isa = PBXFileReference; lastKnownFileType = wrapper.framework; name = AppKit.framework; path = /System/Library/Frameworks/AppKit.framework; sourceTree = "<absolute>"; };
		089C1667FE841158C02AAC07 /* English */ = {isa = PBXFileReference; fileEncoding = 10; lastKnownFileType = text.plist.strings; name = English; path = en.lproj/InfoPlist.strings; sourceTree = "<group>"; };
		1058C7B1FEA5585E11CA2CBB /* Cocoa.framework */ = {isa = PBXFileReference; lastKnownFileType = wrapper.framework; name = Cocoa.framework; path = /System/Library/Frameworks/Cocoa.framework; sourceTree = "<absolute>"; };
		1B158A6212551FE300584D8E /* NSAlert+WonderBox.h */ = {isa = PBXFileReference; fileEncoding = 4; lastKnownFileType = sourcecode.c.h; path = "NSAlert+WonderBox.h"; sourceTree = "<group>"; };
		1B158A6312551FE300584D8E /* NSAlert+WonderBox.m */ = {isa = PBXFileReference; fileEncoding = 4; lastKnownFileType = sourcecode.c.objc; path = "NSAlert+WonderBox.m"; sourceTree = "<group>"; };
		1B158A6412551FE300584D8E /* NSArrayController+WonderBox.h */ = {isa = PBXFileReference; fileEncoding = 4; lastKnownFileType = sourcecode.c.h; path = "NSArrayController+WonderBox.h"; sourceTree = "<group>"; };
		1B158A6512551FE300584D8E /* NSArrayController+WonderBox.m */ = {isa = PBXFileReference; fileEncoding = 4; lastKnownFileType = sourcecode.c.objc; path = "NSArrayController+WonderBox.m"; sourceTree = "<group>"; };
		1B158A6612551FE300584D8E /* NSButton+WonderBox.h */ = {isa = PBXFileReference; fileEncoding = 4; lastKnownFileType = sourcecode.c.h; path = "NSButton+WonderBox.h"; sourceTree = "<group>"; };
		1B158A6712551FE300584D8E /* NSButton+WonderBox.m */ = {isa = PBXFileReference; fileEncoding = 4; lastKnownFileType = sourcecode.c.objc; path = "NSButton+WonderBox.m"; sourceTree = "<group>"; };
		1B158A6812551FE300584D8E /* NSColor+WonderBox.h */ = {isa = PBXFileReference; fileEncoding = 4; lastKnownFileType = sourcecode.c.h; path = "NSColor+WonderBox.h"; sourceTree = "<group>"; };
		1B158A6912551FE300584D8E /* NSColor+WonderBox.m */ = {isa = PBXFileReference; fileEncoding = 4; lastKnownFileType = sourcecode.c.objc; path = "NSColor+WonderBox.m"; sourceTree = "<group>"; };
		1B158A6A12551FE300584D8E /* NSFileWrapper+WonderBox.h */ = {isa = PBXFileReference; fileEncoding = 4; lastKnownFileType = sourcecode.c.h; path = "NSFileWrapper+WonderBox.h"; sourceTree = "<group>"; };
		1B158A6B12551FE300584D8E /* NSFileWrapper+WonderBox.m */ = {isa = PBXFileReference; fileEncoding = 4; lastKnownFileType = sourcecode.c.objc; path = "NSFileWrapper+WonderBox.m"; sourceTree = "<group>"; };
		1B158A6C12551FE300584D8E /* NSImage+WonderBox.h */ = {isa = PBXFileReference; fileEncoding = 4; lastKnownFileType = sourcecode.c.h; path = "NSImage+WonderBox.h"; sourceTree = "<group>"; };
		1B158A6D12551FE300584D8E /* NSImage+WonderBox.m */ = {isa = PBXFileReference; fileEncoding = 4; lastKnownFileType = sourcecode.c.objc; path = "NSImage+WonderBox.m"; sourceTree = "<group>"; };
		1B158A6E12551FE300584D8E /* NSImageView+WonderBox.h */ = {isa = PBXFileReference; fileEncoding = 4; lastKnownFileType = sourcecode.c.h; path = "NSImageView+WonderBox.h"; sourceTree = "<group>"; };
		1B158A6F12551FE300584D8E /* NSImageView+WonderBox.m */ = {isa = PBXFileReference; fileEncoding = 4; lastKnownFileType = sourcecode.c.objc; path = "NSImageView+WonderBox.m"; sourceTree = "<group>"; };
		1B158A7012551FE300584D8E /* NSTableView+WonderBox.h */ = {isa = PBXFileReference; fileEncoding = 4; lastKnownFileType = sourcecode.c.h; path = "NSTableView+WonderBox.h"; sourceTree = "<group>"; };
		1B158A7112551FE300584D8E /* NSTableView+WonderBox.m */ = {isa = PBXFileReference; fileEncoding = 4; lastKnownFileType = sourcecode.c.objc; path = "NSTableView+WonderBox.m"; sourceTree = "<group>"; };
		1B158A7212551FE300584D8E /* NSTabView+WonderBox.h */ = {isa = PBXFileReference; fileEncoding = 4; lastKnownFileType = sourcecode.c.h; path = "NSTabView+WonderBox.h"; sourceTree = "<group>"; };
		1B158A7312551FE300584D8E /* NSTabView+WonderBox.m */ = {isa = PBXFileReference; fileEncoding = 4; lastKnownFileType = sourcecode.c.objc; path = "NSTabView+WonderBox.m"; sourceTree = "<group>"; };
		1B158A7412551FE300584D8E /* NSText+WonderBox.h */ = {isa = PBXFileReference; fileEncoding = 4; lastKnownFileType = sourcecode.c.h; path = "NSText+WonderBox.h"; sourceTree = "<group>"; };
		1B158A7512551FE300584D8E /* NSText+WonderBox.m */ = {isa = PBXFileReference; fileEncoding = 4; lastKnownFileType = sourcecode.c.objc; path = "NSText+WonderBox.m"; sourceTree = "<group>"; };
		1B158A7612551FE300584D8E /* NSUserDefaults+WonderBox.h */ = {isa = PBXFileReference; fileEncoding = 4; lastKnownFileType = sourcecode.c.h; path = "NSUserDefaults+WonderBox.h"; sourceTree = "<group>"; };
		1B158A7712551FE300584D8E /* NSUserDefaults+WonderBox.m */ = {isa = PBXFileReference; fileEncoding = 4; lastKnownFileType = sourcecode.c.objc; path = "NSUserDefaults+WonderBox.m"; sourceTree = "<group>"; };
		1B158A7812551FE300584D8E /* WBOutlineView.h */ = {isa = PBXFileReference; fileEncoding = 4; lastKnownFileType = sourcecode.c.h; path = WBOutlineView.h; sourceTree = "<group>"; };
		1B158A7912551FE300584D8E /* WBOutlineView.m */ = {isa = PBXFileReference; fileEncoding = 4; lastKnownFileType = sourcecode.c.objc; path = WBOutlineView.m; sourceTree = "<group>"; };
		1B158A7A12551FE300584D8E /* WBOutlineViewController.h */ = {isa = PBXFileReference; fileEncoding = 4; lastKnownFileType = sourcecode.c.h; path = WBOutlineViewController.h; sourceTree = "<group>"; };
		1B158A7B12551FE300584D8E /* WBOutlineViewController.m */ = {isa = PBXFileReference; fileEncoding = 4; lastKnownFileType = sourcecode.c.objc; path = WBOutlineViewController.m; sourceTree = "<group>"; };
		1B158A7C12551FE300584D8E /* WBTableDataSource.h */ = {isa = PBXFileReference; fileEncoding = 4; lastKnownFileType = sourcecode.c.h; path = WBTableDataSource.h; sourceTree = "<group>"; };
		1B158A7D12551FE300584D8E /* WBTableDataSource.m */ = {isa = PBXFileReference; fileEncoding = 4; lastKnownFileType = sourcecode.c.objc; path = WBTableDataSource.m; sourceTree = "<group>"; };
		1B158A7E12551FE300584D8E /* WBTableView.h */ = {isa = PBXFileReference; fileEncoding = 4; lastKnownFileType = sourcecode.c.h; path = WBTableView.h; sourceTree = "<group>"; };
		1B158A7F12551FE300584D8E /* WBTableView.m */ = {isa = PBXFileReference; fileEncoding = 4; lastKnownFileType = sourcecode.c.objc; path = WBTableView.m; sourceTree = "<group>"; };
		1B158A8012551FE300584D8E /* WBUITreeNode.h */ = {isa = PBXFileReference; fileEncoding = 4; lastKnownFileType = sourcecode.c.h; path = WBUITreeNode.h; sourceTree = "<group>"; };
		1B158A8112551FE300584D8E /* WBUITreeNode.m */ = {isa = PBXFileReference; fileEncoding = 4; lastKnownFileType = sourcecode.c.objc; path = WBUITreeNode.m; sourceTree = "<group>"; };
		1B158A8212551FE300584D8E /* WBViewController.h */ = {isa = PBXFileReference; fileEncoding = 4; lastKnownFileType = sourcecode.c.h; path = WBViewController.h; sourceTree = "<group>"; };
		1B158A8312551FE300584D8E /* WBViewController.m */ = {isa = PBXFileReference; fileEncoding = 4; lastKnownFileType = sourcecode.c.objc; path = WBViewController.m; sourceTree = "<group>"; };
		1B158A8412551FE300584D8E /* WBWindowController.h */ = {isa = PBXFileReference; fileEncoding = 4; lastKnownFileType = sourcecode.c.h; path = WBWindowController.h; sourceTree = "<group>"; };
		1B158A8512551FE300584D8E /* WBWindowController.m */ = {isa = PBXFileReference; fileEncoding = 4; lastKnownFileType = sourcecode.c.objc; path = WBWindowController.m; sourceTree = "<group>"; };
		1B158A8712551FE300584D8E /* WBCollapseView.h */ = {isa = PBXFileReference; fileEncoding = 4; lastKnownFileType = sourcecode.c.h; path = WBCollapseView.h; sourceTree = "<group>"; };
		1B158A8812551FE300584D8E /* WBCollapseView.m */ = {isa = PBXFileReference; fileEncoding = 4; lastKnownFileType = sourcecode.c.objc; path = WBCollapseView.m; sourceTree = "<group>"; };
		1B158A8912551FE300584D8E /* WBCollapseViewInternal.h */ = {isa = PBXFileReference; fileEncoding = 4; lastKnownFileType = sourcecode.c.h; path = WBCollapseViewInternal.h; sourceTree = "<group>"; };
		1B158A8A12551FE300584D8E /* WBCollapseViewInternal.m */ = {isa = PBXFileReference; fileEncoding = 4; lastKnownFileType = sourcecode.c.objc; path = WBCollapseViewInternal.m; sourceTree = "<group>"; };
		1B158A8B12551FE300584D8E /* WBCollapseViewItem.h */ = {isa = PBXFileReference; fileEncoding = 4; lastKnownFileType = sourcecode.c.h; path = WBCollapseViewItem.h; sourceTree = "<group>"; };
		1B158A8C12551FE300584D8E /* WBCollapseViewItem.m */ = {isa = PBXFileReference; fileEncoding = 4; lastKnownFileType = sourcecode.c.objc; path = WBCollapseViewItem.m; sourceTree = "<group>"; };
		1B158A8F12551FE300584D8E /* NSError+WonderBox.h */ = {isa = PBXFileReference; fileEncoding = 4; lastKnownFileType = sourcecode.c.h; path = "NSError+WonderBox.h"; sourceTree = "<group>"; };
		1B158A9012551FE300584D8E /* NSError+WonderBox.m */ = {isa = PBXFileReference; fileEncoding = 4; lastKnownFileType = sourcecode.c.objc; path = "NSError+WonderBox.m"; sourceTree = "<group>"; };
		1B158A9112551FE300584D8E /* NSObject+WonderBox.h */ = {isa = PBXFileReference; fileEncoding = 4; lastKnownFileType = sourcecode.c.h; path = "NSObject+WonderBox.h"; sourceTree = "<group>"; };
		1B158A9212551FE300584D8E /* NSObject+WonderBox.m */ = {isa = PBXFileReference; fileEncoding = 4; lastKnownFileType = sourcecode.c.objc; path = "NSObject+WonderBox.m"; sourceTree = "<group>"; };
		1B158A9312551FE300584D8E /* WBAlias.h */ = {isa = PBXFileReference; fileEncoding = 4; lastKnownFileType = sourcecode.c.h; path = WBAlias.h; sourceTree = "<group>"; };
		1B158A9412551FE300584D8E /* WBAlias.m */ = {isa = PBXFileReference; fileEncoding = 4; lastKnownFileType = sourcecode.c.objc; path = WBAlias.m; sourceTree = "<group>"; };
		1B158A9512551FE300584D8E /* WBAppleRemote.h */ = {isa = PBXFileReference; fileEncoding = 4; lastKnownFileType = sourcecode.c.h; path = WBAppleRemote.h; sourceTree = "<group>"; };
		1B158A9612551FE300584D8E /* WBAppleRemote.m */ = {isa = PBXFileReference; fileEncoding = 4; lastKnownFileType = sourcecode.c.objc; path = WBAppleRemote.m; sourceTree = "<group>"; };
		1B158A9712551FE300584D8E /* WBApplication.h */ = {isa = PBXFileReference; fileEncoding = 4; lastKnownFileType = sourcecode.c.h; path = WBApplication.h; sourceTree = "<group>"; };
		1B158A9812551FE300584D8E /* WBApplication.m */ = {isa = PBXFileReference; fileEncoding = 4; lastKnownFileType = sourcecode.c.objc; path = WBApplication.m; sourceTree = "<group>"; };
		1B158A9912551FE300584D8E /* WBExtendedTreeNode.h */ = {isa = PBXFileReference; fileEncoding = 4; lastKnownFileType = sourcecode.c.h; path = WBExtendedTreeNode.h; sourceTree = "<group>"; };
		1B158A9A12551FE300584D8E /* WBExtendedTreeNode.m */ = {isa = PBXFileReference; fileEncoding = 4; lastKnownFileType = sourcecode.c.objc; path = WBExtendedTreeNode.m; sourceTree = "<group>"; };
		1B158A9B12551FE300584D8E /* WBInterpolationFunction.h */ = {isa = PBXFileReference; fileEncoding = 4; lastKnownFileType = sourcecode.c.h; path = WBInterpolationFunction.h; sourceTree = "<group>"; };
		1B158A9C12551FE300584D8E /* WBInterpolationFunction.m */ = {isa = PBXFileReference; fileEncoding = 4; lastKnownFileType = sourcecode.c.objc; path = WBInterpolationFunction.m; sourceTree = "<group>"; };
		1B158A9D12551FE300584D8E /* WBSerialQueue.h */ = {isa = PBXFileReference; fileEncoding = 4; lastKnownFileType = sourcecode.c.h; path = WBSerialQueue.h; sourceTree = "<group>"; };
		1B158A9E12551FE300584D8E /* WBSerialQueue.m */ = {isa = PBXFileReference; fileEncoding = 4; lastKnownFileType = sourcecode.c.objc; path = WBSerialQueue.m; sourceTree = "<group>"; };
		1B158A9F12551FE300584D8E /* WBThreadPort.h */ = {isa = PBXFileReference; fileEncoding = 4; lastKnownFileType = sourcecode.c.h; path = WBThreadPort.h; sourceTree = "<group>"; };
		1B158AA012551FE300584D8E /* WBThreadPort.m */ = {isa = PBXFileReference; fileEncoding = 4; lastKnownFileType = sourcecode.c.objc; path = WBThreadPort.m; sourceTree = "<group>"; };
		1B158AA112551FE300584D8E /* WBTreeNode.h */ = {isa = PBXFileReference; fileEncoding = 4; lastKnownFileType = sourcecode.c.h; path = WBTreeNode.h; sourceTree = "<group>"; };
		1B158AA212551FE300584D8E /* WBTreeNode.m */ = {isa = PBXFileReference; fileEncoding = 4; lastKnownFileType = sourcecode.c.objc; path = WBTreeNode.m; sourceTree = "<group>"; };
		1B158AA312551FE300584D8E /* WBXMLWriter.h */ = {isa = PBXFileReference; fileEncoding = 4; lastKnownFileType = sourcecode.c.h; path = WBXMLWriter.h; sourceTree = "<group>"; };
		1B158AA412551FE300584D8E /* WBXMLWriter.m */ = {isa = PBXFileReference; fileEncoding = 4; lastKnownFileType = sourcecode.c.objc; path = WBXMLWriter.m; sourceTree = "<group>"; };
		1B158AA612551FE300584D8E /* WBAEFunctions.c */ = {isa = PBXFileReference; fileEncoding = 4; lastKnownFileType = sourcecode.c.c; path = WBAEFunctions.c; sourceTree = "<group>"; };
		1B158AA712551FE300584D8E /* WBAEFunctions.h */ = {isa = PBXFileReference; fileEncoding = 4; lastKnownFileType = sourcecode.c.h; path = WBAEFunctions.h; sourceTree = "<group>"; };
		1B158AA812551FE300584D8E /* WBBase64.c */ = {isa = PBXFileReference; fileEncoding = 4; lastKnownFileType = sourcecode.c.c; path = WBBase64.c; sourceTree = "<group>"; };
		1B158AA912551FE300584D8E /* WBBase64.h */ = {isa = PBXFileReference; fileEncoding = 4; lastKnownFileType = sourcecode.c.h; path = WBBase64.h; sourceTree = "<group>"; };
		1B158AAA12551FE300584D8E /* WBCGFunctions.h */ = {isa = PBXFileReference; fileEncoding = 4; lastKnownFileType = sourcecode.c.h; path = WBCGFunctions.h; sourceTree = "<group>"; };
		1B158AAB12551FE300584D8E /* WBCGFunctions.m */ = {isa = PBXFileReference; fileEncoding = 4; lastKnownFileType = sourcecode.c.objc; path = WBCGFunctions.m; sourceTree = "<group>"; };
		1B158AAC12551FE300584D8E /* WBFinderSuite.c */ = {isa = PBXFileReference; fileEncoding = 4; lastKnownFileType = sourcecode.c.c; path = WBFinderSuite.c; sourceTree = "<group>"; };
		1B158AAD12551FE300584D8E /* WBFinderSuite.h */ = {isa = PBXFileReference; fileEncoding = 4; lastKnownFileType = sourcecode.c.h; path = WBFinderSuite.h; sourceTree = "<group>"; };
		1B158AAE12551FE300584D8E /* WBFSFunctions.h */ = {isa = PBXFileReference; fileEncoding = 4; lastKnownFileType = sourcecode.c.h; path = WBFSFunctions.h; sourceTree = "<group>"; };
		1B158AAF12551FE300584D8E /* WBFSFunctions.m */ = {isa = PBXFileReference; fileEncoding = 4; lastKnownFileType = sourcecode.c.objc; path = WBFSFunctions.m; sourceTree = "<group>"; };
		1B158AB012551FE300584D8E /* WBFunctions.h */ = {isa = PBXFileReference; fileEncoding = 4; lastKnownFileType = sourcecode.c.h; path = WBFunctions.h; sourceTree = "<group>"; };
		1B158AB112551FE300584D8E /* WBFunctions.m */ = {isa = PBXFileReference; fileEncoding = 4; lastKnownFileType = sourcecode.c.objc; path = WBFunctions.m; sourceTree = "<group>"; };
		1B158AB212551FE300584D8E /* WBGeometry.h */ = {isa = PBXFileReference; fileEncoding = 4; lastKnownFileType = sourcecode.c.h; path = WBGeometry.h; sourceTree = "<group>"; };
		1B158AB312551FE300584D8E /* WBGeometry.m */ = {isa = PBXFileReference; fileEncoding = 4; lastKnownFileType = sourcecode.c.objc; path = WBGeometry.m; sourceTree = "<group>"; };
		1B158AB412551FE300584D8E /* WBIOFunctions.c */ = {isa = PBXFileReference; fileEncoding = 4; lastKnownFileType = sourcecode.c.c; path = WBIOFunctions.c; sourceTree = "<group>"; };
		1B158AB512551FE300584D8E /* WBIOFunctions.h */ = {isa = PBXFileReference; fileEncoding = 4; lastKnownFileType = sourcecode.c.h; path = WBIOFunctions.h; sourceTree = "<group>"; };
		1B158AB612551FE300584D8E /* WBLSFunctions.h */ = {isa = PBXFileReference; fileEncoding = 4; lastKnownFileType = sourcecode.c.h; path = WBLSFunctions.h; sourceTree = "<group>"; };
		1B158AB712551FE300584D8E /* WBLSFunctions.m */ = {isa = PBXFileReference; fileEncoding = 4; lastKnownFileType = sourcecode.c.objc; path = WBLSFunctions.m; sourceTree = "<group>"; };
		1B158AB812551FE300584D8E /* WBObjCRuntime.h */ = {isa = PBXFileReference; fileEncoding = 4; lastKnownFileType = sourcecode.c.h; path = WBObjCRuntime.h; sourceTree = "<group>"; };
		1B158AB912551FE300584D8E /* WBObjCRuntime.m */ = {isa = PBXFileReference; fileEncoding = 4; lastKnownFileType = sourcecode.c.objc; path = WBObjCRuntime.m; sourceTree = "<group>"; };
		1B158ABA12551FE300584D8E /* WBProcessFunctions.c */ = {isa = PBXFileReference; fileEncoding = 4; lastKnownFileType = sourcecode.c.c; path = WBProcessFunctions.c; sourceTree = "<group>"; };
		1B158ABB12551FE300584D8E /* WBProcessFunctions.h */ = {isa = PBXFileReference; fileEncoding = 4; lastKnownFileType = sourcecode.c.h; path = WBProcessFunctions.h; sourceTree = "<group>"; };
		1B158ABC12551FE300584D8E /* WBTextFunctions.c */ = {isa = PBXFileReference; fileEncoding = 4; lastKnownFileType = sourcecode.c.c; path = WBTextFunctions.c; sourceTree = "<group>"; };
		1B158ABD12551FE300584D8E /* WBTextFunctions.h */ = {isa = PBXFileReference; fileEncoding = 4; lastKnownFileType = sourcecode.c.h; path = WBTextFunctions.h; sourceTree = "<group>"; };
		1B158ABE12551FE300584D8E /* WBVersionFunctions.h */ = {isa = PBXFileReference; fileEncoding = 4; lastKnownFileType = sourcecode.c.h; path = WBVersionFunctions.h; sourceTree = "<group>"; };
		1B158ABF12551FE300584D8E /* WBVersionFunctions.m */ = {isa = PBXFileReference; fileEncoding = 4; lastKnownFileType = sourcecode.c.objc; path = WBVersionFunctions.m; sourceTree = "<group>"; };
		1B158AC312551FE300584D8E /* English */ = {isa = PBXFileReference; fileEncoding = 4; lastKnownFileType = text.plist.strings; name = English; path = en.lproj/WBProgress.strings; sourceTree = "<group>"; };
		1B158AC412551FE300584D8E /* French */ = {isa = PBXFileReference; fileEncoding = 4; lastKnownFileType = text.plist.strings; name = French; path = fr.lproj/WBProgress.strings; sourceTree = "<group>"; };
		1B158AC512551FE300584D8E /* WBProgressPanel.xib */ = {isa = PBXFileReference; lastKnownFileType = file.xib; path = WBProgressPanel.xib; sourceTree = "<group>"; };
		1B158AC612551FE300584D8E /* WBTabWindow.xib */ = {isa = PBXFileReference; lastKnownFileType = file.xib; path = WBTabWindow.xib; sourceTree = "<group>"; };
		1B158AC712551FE300584D8E /* WBBoxLayer.h */ = {isa = PBXFileReference; fileEncoding = 4; lastKnownFileType = sourcecode.c.h; path = WBBoxLayer.h; sourceTree = "<group>"; };
		1B158AC812551FE300584D8E /* WBBoxLayer.m */ = {isa = PBXFileReference; fileEncoding = 4; lastKnownFileType = sourcecode.c.objc; path = WBBoxLayer.m; sourceTree = "<group>"; };
		1B158AC912551FE300584D8E /* WBGradient.h */ = {isa = PBXFileReference; fileEncoding = 4; lastKnownFileType = sourcecode.c.h; path = WBGradient.h; sourceTree = "<group>"; };
		1B158ACA12551FE300584D8E /* WBGradient.m */ = {isa = PBXFileReference; fileEncoding = 4; lastKnownFileType = sourcecode.c.objc; path = WBGradient.m; sourceTree = "<group>"; };
		1B158ACB12551FE300584D8E /* WBImageAndTextCell.h */ = {isa = PBXFileReference; fileEncoding = 4; lastKnownFileType = sourcecode.c.h; path = WBImageAndTextCell.h; sourceTree = "<group>"; };
		1B158ACC12551FE300584D8E /* WBImageAndTextCell.m */ = {isa = PBXFileReference; fileEncoding = 4; lastKnownFileType = sourcecode.c.objc; path = WBImageAndTextCell.m; sourceTree = "<group>"; };
		1B158ACD12551FE300584D8E /* WBImageAndTextView.h */ = {isa = PBXFileReference; fileEncoding = 4; lastKnownFileType = sourcecode.c.h; path = WBImageAndTextView.h; sourceTree = "<group>"; };
		1B158ACE12551FE300584D8E /* WBImageAndTextView.m */ = {isa = PBXFileReference; fileEncoding = 4; lastKnownFileType = sourcecode.c.objc; path = WBImageAndTextView.m; sourceTree = "<group>"; };
		1B158ACF12551FE300584D8E /* WBProgressPanel.h */ = {isa = PBXFileReference; fileEncoding = 4; lastKnownFileType = sourcecode.c.h; path = WBProgressPanel.h; sourceTree = "<group>"; };
		1B158AD012551FE300584D8E /* WBProgressPanel.m */ = {isa = PBXFileReference; fileEncoding = 4; lastKnownFileType = sourcecode.c.objc; path = WBProgressPanel.m; sourceTree = "<group>"; };
		1B158AD112551FE300584D8E /* WBStringLayer.h */ = {isa = PBXFileReference; fileEncoding = 4; lastKnownFileType = sourcecode.c.h; path = WBStringLayer.h; sourceTree = "<group>"; };
		1B158AD212551FE300584D8E /* WBStringLayer.m */ = {isa = PBXFileReference; fileEncoding = 4; lastKnownFileType = sourcecode.c.objc; path = WBStringLayer.m; sourceTree = "<group>"; };
		1B158AD312551FE300584D8E /* WBTabWindowController.h */ = {isa = PBXFileReference; fileEncoding = 4; lastKnownFileType = sourcecode.c.h; path = WBTabWindowController.h; sourceTree = "<group>"; };
		1B158AD412551FE300584D8E /* WBTabWindowController.m */ = {isa = PBXFileReference; fileEncoding = 4; lastKnownFileType = sourcecode.c.objc; path = WBTabWindowController.m; sourceTree = "<group>"; };
		1B158AD512551FE300584D8E /* WBTextFieldCell.h */ = {isa = PBXFileReference; fileEncoding = 4; lastKnownFileType = sourcecode.c.h; path = WBTextFieldCell.h; sourceTree = "<group>"; };
		1B158AD612551FE300584D8E /* WBTextFieldCell.m */ = {isa = PBXFileReference; fileEncoding = 4; lastKnownFileType = sourcecode.c.objc; path = WBTextFieldCell.m; sourceTree = "<group>"; };
		1B158AD812551FE300584D8E /* WBDaemonTask.h */ = {isa = PBXFileReference; fileEncoding = 4; lastKnownFileType = sourcecode.c.h; path = WBDaemonTask.h; sourceTree = "<group>"; };
		1B158AD912551FE300584D8E /* WBDaemonTask.m */ = {isa = PBXFileReference; fileEncoding = 4; lastKnownFileType = sourcecode.c.objc; path = WBDaemonTask.m; sourceTree = "<group>"; };
		1B158ADA12551FE300584D8E /* WBMachDispatch.c */ = {isa = PBXFileReference; fileEncoding = 4; lastKnownFileType = sourcecode.c.c; path = WBMachDispatch.c; sourceTree = "<group>"; };
		1B158ADB12551FE300584D8E /* WBMachDispatch.h */ = {isa = PBXFileReference; fileEncoding = 4; lastKnownFileType = sourcecode.c.h; path = WBMachDispatch.h; sourceTree = "<group>"; };
		1B158ADC12551FE300584D8E /* WBService.c */ = {isa = PBXFileReference; fileEncoding = 4; lastKnownFileType = sourcecode.c.c; path = WBService.c; sourceTree = "<group>"; };
		1B158ADD12551FE300584D8E /* WBService.h */ = {isa = PBXFileReference; fileEncoding = 4; lastKnownFileType = sourcecode.c.h; path = WBService.h; sourceTree = "<group>"; };
		1B158ADE12551FE300584D8E /* WBServiceManagement.c */ = {isa = PBXFileReference; fileEncoding = 4; lastKnownFileType = sourcecode.c.c; path = WBServiceManagement.c; sourceTree = "<group>"; };
		1B158ADF12551FE300584D8E /* WBServiceManagement.h */ = {isa = PBXFileReference; fileEncoding = 4; lastKnownFileType = sourcecode.c.h; path = WBServiceManagement.h; sourceTree = "<group>"; };
		1B158AE112551FE300584D8E /* WBClassCluster.h */ = {isa = PBXFileReference; fileEncoding = 4; lastKnownFileType = sourcecode.c.h; path = WBClassCluster.h; sourceTree = "<group>"; };
		1B158AE212551FE300584D8E /* WBForwarding.h */ = {isa = PBXFileReference; fileEncoding = 4; lastKnownFileType = sourcecode.c.h; path = WBForwarding.h; sourceTree = "<group>"; };
		1B158AE312551FE300584D8E /* WBKeyValueCoding.h */ = {isa = PBXFileReference; fileEncoding = 4; lastKnownFileType = sourcecode.c.h; path = WBKeyValueCoding.h; sourceTree = "<group>"; };
		1B158AE412551FE300584D8E /* WBScope.h */ = {isa = PBXFileReference; fileEncoding = 4; lastKnownFileType = sourcecode.c.h; path = WBScope.h; sourceTree = "<group>"; };
		1B158AE512551FE300584D8E /* WBSingleton.h */ = {isa = PBXFileReference; fileEncoding = 4; lastKnownFileType = sourcecode.c.h; path = WBSingleton.h; sourceTree = "<group>"; };
		1B158AE712551FE300584D8E /* WBAudioFunctions.h */ = {isa = PBXFileReference; fileEncoding = 4; lastKnownFileType = sourcecode.c.h; path = WBAudioFunctions.h; sourceTree = "<group>"; };
		1B158AE812551FE300584D8E /* WBAudioFunctions.mm */ = {isa = PBXFileReference; fileEncoding = 4; lastKnownFileType = sourcecode.cpp.objcpp; path = WBAudioFunctions.mm; sourceTree = "<group>"; };
		1B158AE912551FE300584D8E /* WBAUFunctions.h */ = {isa = PBXFileReference; fileEncoding = 4; lastKnownFileType = sourcecode.c.h; path = WBAUFunctions.h; sourceTree = "<group>"; };
		1B158AEA12551FE300584D8E /* WBAUFunctions.m */ = {isa = PBXFileReference; fileEncoding = 4; lastKnownFileType = sourcecode.c.objc; path = WBAUFunctions.m; sourceTree = "<group>"; };
		1B158AEB12551FE300584D8E /* WBComponent.h */ = {isa = PBXFileReference; fileEncoding = 4; lastKnownFileType = sourcecode.c.h; path = WBComponent.h; sourceTree = "<group>"; };
		1B158AEC12551FE300584D8E /* WBComponent.m */ = {isa = PBXFileReference; fileEncoding = 4; lastKnownFileType = sourcecode.c.objc; path = WBComponent.m; sourceTree = "<group>"; };
		1B158AED12551FE300584D8E /* WBMediaFunctions.h */ = {isa = PBXFileReference; fileEncoding = 4; lastKnownFileType = sourcecode.c.h; path = WBMediaFunctions.h; sourceTree = "<group>"; };
		1B158AEE12551FE300584D8E /* WBMediaFunctions.m */ = {isa = PBXFileReference; fileEncoding = 4; lastKnownFileType = sourcecode.c.objc; path = WBMediaFunctions.m; sourceTree = "<group>"; };
		1B158AEF12551FE300584D8E /* WBMovieTexture.h */ = {isa = PBXFileReference; fileEncoding = 4; lastKnownFileType = sourcecode.c.h; path = WBMovieTexture.h; sourceTree = "<group>"; };
		1B158AF012551FE300584D8E /* WBMovieTexture.m */ = {isa = PBXFileReference; fileEncoding = 4; lastKnownFileType = sourcecode.c.objc; path = WBMovieTexture.m; sourceTree = "<group>"; };
		1B158AF112551FE300584D8E /* WBMovieTextureInternal.h */ = {isa = PBXFileReference; fileEncoding = 4; lastKnownFileType = sourcecode.c.h; path = WBMovieTextureInternal.h; sourceTree = "<group>"; };
		1B158AF212551FE300584D8E /* WBMovieTextureStreaming.m */ = {isa = PBXFileReference; fileEncoding = 4; lastKnownFileType = sourcecode.c.objc; path = WBMovieTextureStreaming.m; sourceTree = "<group>"; };
		1B158AF312551FE300584D8E /* WBQTMovieTimecode.h */ = {isa = PBXFileReference; fileEncoding = 4; lastKnownFileType = sourcecode.c.h; path = WBQTMovieTimecode.h; sourceTree = "<group>"; };
		1B158AF412551FE300584D8E /* WBQTMovieTimecode.m */ = {isa = PBXFileReference; fileEncoding = 4; lastKnownFileType = sourcecode.c.objc; path = WBQTMovieTimecode.m; sourceTree = "<group>"; };
		1B158AF512551FE300584D8E /* WBQTVisualContext.h */ = {isa = PBXFileReference; fileEncoding = 4; lastKnownFileType = sourcecode.c.h; path = WBQTVisualContext.h; sourceTree = "<group>"; };
		1B158AF612551FE300584D8E /* WBQTVisualContext.m */ = {isa = PBXFileReference; fileEncoding = 4; lastKnownFileType = sourcecode.c.objc; path = WBQTVisualContext.m; sourceTree = "<group>"; };
		1B158AF812551FE300584D8E /* WBGLFrameBuffer.h */ = {isa = PBXFileReference; fileEncoding = 4; lastKnownFileType = sourcecode.c.h; path = WBGLFrameBuffer.h; sourceTree = "<group>"; };
		1B158AF912551FE300584D8E /* WBGLFrameBuffer.m */ = {isa = PBXFileReference; fileEncoding = 4; lastKnownFileType = sourcecode.c.objc; path = WBGLFrameBuffer.m; sourceTree = "<group>"; };
		1B158AFA12551FE300584D8E /* WBGLStringBox.h */ = {isa = PBXFileReference; fileEncoding = 4; lastKnownFileType = sourcecode.c.h; path = WBGLStringBox.h; sourceTree = "<group>"; };
		1B158AFB12551FE300584D8E /* WBGLStringBox.m */ = {isa = PBXFileReference; fileEncoding = 4; lastKnownFileType = sourcecode.c.objc; path = WBGLStringBox.m; sourceTree = "<group>"; };
		1B158AFC12551FE300584D8E /* WBOpenGLTeapotList.c */ = {isa = PBXFileReference; fileEncoding = 4; lastKnownFileType = sourcecode.c.c; path = WBOpenGLTeapotList.c; sourceTree = "<group>"; };
		1B158AFD12551FE300584D8E /* WBOpenGLTeapotList.h */ = {isa = PBXFileReference; fileEncoding = 4; lastKnownFileType = sourcecode.c.h; path = WBOpenGLTeapotList.h; sourceTree = "<group>"; };
		1B158AFE12551FE300584D8E /* WBOpenGLView.h */ = {isa = PBXFileReference; fileEncoding = 4; lastKnownFileType = sourcecode.c.h; path = WBOpenGLView.h; sourceTree = "<group>"; };
		1B158AFF12551FE300584D8E /* WBOpenGLView.m */ = {isa = PBXFileReference; fileEncoding = 4; lastKnownFileType = sourcecode.c.objc; path = WBOpenGLView.m; sourceTree = "<group>"; };
		1B158B0112551FE300584D8E /* WBCDSAFunctions.c */ = {isa = PBXFileReference; fileEncoding = 4; lastKnownFileType = sourcecode.c.c; path = WBCDSAFunctions.c; sourceTree = "<group>"; };
		1B158B0212551FE300584D8E /* WBCDSAFunctions.h */ = {isa = PBXFileReference; fileEncoding = 4; lastKnownFileType = sourcecode.c.h; path = WBCDSAFunctions.h; sourceTree = "<group>"; };
		1B158B0312551FE300584D8E /* WBDigestFunctions.c */ = {isa = PBXFileReference; fileEncoding = 4; lastKnownFileType = sourcecode.c.c; path = WBDigestFunctions.c; sourceTree = "<group>"; };
		1B158B0412551FE300584D8E /* WBDigestFunctions.h */ = {isa = PBXFileReference; fileEncoding = 4; lastKnownFileType = sourcecode.c.h; path = WBDigestFunctions.h; sourceTree = "<group>"; };
		1B158B0512551FE300584D8E /* WBSecurityFunctions.c */ = {isa = PBXFileReference; fileEncoding = 4; lastKnownFileType = sourcecode.c.c; path = WBSecurityFunctions.c; sourceTree = "<group>"; };
		1B158B0612551FE300584D8E /* WBSecurityFunctions.h */ = {isa = PBXFileReference; fileEncoding = 4; lastKnownFileType = sourcecode.c.h; path = WBSecurityFunctions.h; sourceTree = "<group>"; };
		1B158B0912551FE300584D8E /* Assistant.icns */ = {isa = PBXFileReference; lastKnownFileType = image.icns; path = Assistant.icns; sourceTree = "<group>"; };
		1B158B0B12551FE300584D8E /* English */ = {isa = PBXFileReference; fileEncoding = 4; lastKnownFileType = text.plist.strings; name = English; path = en.lproj/WBWizard.strings; sourceTree = "<group>"; };
		1B158B0D12551FE300584D8E /* English */ = {isa = PBXFileReference; lastKnownFileType = file.xib; name = English; path = en.lproj/WBWizard.xib; sourceTree = "<group>"; };
		1B158B0E12551FE300584D8E /* French */ = {isa = PBXFileReference; fileEncoding = 4; lastKnownFileType = text.plist.strings; name = French; path = fr.lproj/WBWizard.strings; sourceTree = "<group>"; };
		1B158B0F12551FE300584D8E /* French */ = {isa = PBXFileReference; lastKnownFileType = file.xib; name = French; path = fr.lproj/WBWizard.xib; sourceTree = "<group>"; };
		1B158B1012551FE300584D8E /* WBWizard.tiff */ = {isa = PBXFileReference; lastKnownFileType = image.tiff; path = WBWizard.tiff; sourceTree = "<group>"; };
		1B158B1112551FE300584D8E /* WBWizard.h */ = {isa = PBXFileReference; fileEncoding = 4; lastKnownFileType = sourcecode.c.h; path = WBWizard.h; sourceTree = "<group>"; };
		1B158B1212551FE300584D8E /* WBWizard.m */ = {isa = PBXFileReference; fileEncoding = 4; lastKnownFileType = sourcecode.c.objc; path = WBWizard.m; sourceTree = "<group>"; };
		1B158B1312551FE300584D8E /* WBWizardPage.h */ = {isa = PBXFileReference; fileEncoding = 4; lastKnownFileType = sourcecode.c.h; path = WBWizardPage.h; sourceTree = "<group>"; };
		1B158B1412551FE300584D8E /* WBWizardPage.m */ = {isa = PBXFileReference; fileEncoding = 4; lastKnownFileType = sourcecode.c.objc; path = WBWizardPage.m; sourceTree = "<group>"; };
		1B158D8D1255225400584D8E /* Security.framework */ = {isa = PBXFileReference; lastKnownFileType = wrapper.framework; name = Security.framework; path = System/Library/Frameworks/Security.framework; sourceTree = SDKROOT; };
		1B158E8B1255229E00584D8E /* CoreVideo.framework */ = {isa = PBXFileReference; lastKnownFileType = wrapper.framework; name = CoreVideo.framework; path = System/Library/Frameworks/CoreVideo.framework; sourceTree = SDKROOT; };
		1B36CA2B0D390B85002AB5FD /* SystemConfiguration.framework */ = {isa = PBXFileReference; lastKnownFileType = wrapper.framework; name = SystemConfiguration.framework; path = /System/Library/Frameworks/SystemConfiguration.framework; sourceTree = "<absolute>"; };
		1B3F052C0EFAA340009F43A5 /* WBScopeTest.m */ = {isa = PBXFileReference; fileEncoding = 4; lastKnownFileType = sourcecode.c.objc; path = WBScopeTest.m; sourceTree = "<group>"; };
		1B4C14E31255E65D00C82DE3 /* WBDateTableColumn.h */ = {isa = PBXFileReference; fileEncoding = 4; lastKnownFileType = sourcecode.c.h; path = WBDateTableColumn.h; sourceTree = "<group>"; };
		1B4C14E41255E65D00C82DE3 /* WBDateTableColumn.m */ = {isa = PBXFileReference; fileEncoding = 4; lastKnownFileType = sourcecode.c.objc; path = WBDateTableColumn.m; sourceTree = "<group>"; };
		1B4F54E10F53E9080091CADB /* WBMacroTests.m */ = {isa = PBXFileReference; fileEncoding = 4; lastKnownFileType = sourcecode.c.objc; path = WBMacroTests.m; sourceTree = "<group>"; };
		1B5634820F5AF9AD00BD119C /* GHTests.app */ = {isa = PBXFileReference; explicitFileType = wrapper.application; includeInIndex = 0; path = GHTests.app; sourceTree = BUILT_PRODUCTS_DIR; };
		1B5634970F5AF9D700BD119C /* GHUnit.framework */ = {isa = PBXFileReference; lastKnownFileType = wrapper.framework; name = GHUnit.framework; path = Library/Frameworks/GHUnit.framework; sourceTree = SDKROOT; };
		1B6342C20E0A9362002E195E /* QTKit.framework */ = {isa = PBXFileReference; lastKnownFileType = wrapper.framework; name = QTKit.framework; path = System/Library/Frameworks/QTKit.framework; sourceTree = SDKROOT; };
		1B6342C40E0A9362002E195E /* QuickTime.framework */ = {isa = PBXFileReference; lastKnownFileType = wrapper.framework; name = QuickTime.framework; path = System/Library/Frameworks/QuickTime.framework; sourceTree = SDKROOT; };
		1B6342CB0E0A9380002E195E /* OpenGL.framework */ = {isa = PBXFileReference; lastKnownFileType = wrapper.framework; name = OpenGL.framework; path = System/Library/Frameworks/OpenGL.framework; sourceTree = SDKROOT; };
		1B6342CD0E0A9380002E195E /* QuartzCore.framework */ = {isa = PBXFileReference; lastKnownFileType = wrapper.framework; name = QuartzCore.framework; path = System/Library/Frameworks/QuartzCore.framework; sourceTree = SDKROOT; };
		1B6342D40E0A9394002E195E /* CoreAudioKit.framework */ = {isa = PBXFileReference; lastKnownFileType = wrapper.framework; name = CoreAudioKit.framework; path = System/Library/Frameworks/CoreAudioKit.framework; sourceTree = SDKROOT; };
		1B6342D90E0A93A0002E195E /* AudioUnit.framework */ = {isa = PBXFileReference; lastKnownFileType = wrapper.framework; name = AudioUnit.framework; path = System/Library/Frameworks/AudioUnit.framework; sourceTree = SDKROOT; };
		1B63B9710EE2C57F000ED041 /* WBBase64Test.m */ = {isa = PBXFileReference; fileEncoding = 4; lastKnownFileType = sourcecode.c.objc; path = WBBase64Test.m; sourceTree = "<group>"; };
		1B7FED410ED3362B00B5780B /* WonderBoxDebug.xcconfig */ = {isa = PBXFileReference; fileEncoding = 4; lastKnownFileType = text.xcconfig; path = WonderBoxDebug.xcconfig; sourceTree = "<group>"; };
		1B7FED420ED3362B00B5780B /* WonderBoxRelease.xcconfig */ = {isa = PBXFileReference; fileEncoding = 4; lastKnownFileType = text.xcconfig; path = WonderBoxRelease.xcconfig; sourceTree = "<group>"; };
		1B877D150D37E4B5007A59B5 /* WebKit.framework */ = {isa = PBXFileReference; lastKnownFileType = wrapper.framework; name = WebKit.framework; path = /System/Library/Frameworks/WebKit.framework; sourceTree = "<absolute>"; };
		1B8B08831255D1420028DAD4 /* WBBase.h */ = {isa = PBXFileReference; fileEncoding = 4; lastKnownFileType = sourcecode.c.h; path = WBBase.h; sourceTree = "<group>"; };
		1B967C500D38E09C000F481B /* Security.framework */ = {isa = PBXFileReference; lastKnownFileType = wrapper.framework; name = Security.framework; path = /System/Library/Frameworks/Security.framework; sourceTree = "<absolute>"; };
		1BB0E2620D62F7580041C166 /* WBLicenseTest.m */ = {isa = PBXFileReference; fileEncoding = 4; lastKnownFileType = sourcecode.c.objc; path = WBLicenseTest.m; sourceTree = "<group>"; };
		1BB7CC3B129C2E59003C3E95 /* WBIndexSetIterator.h */ = {isa = PBXFileReference; fileEncoding = 4; lastKnownFileType = sourcecode.c.h; path = WBIndexSetIterator.h; sourceTree = "<group>"; };
		1BB7CC3C129C2E59003C3E95 /* WBIndexSetIterator.m */ = {isa = PBXFileReference; fileEncoding = 4; lastKnownFileType = sourcecode.c.objc; path = WBIndexSetIterator.m; sourceTree = "<group>"; };
		1BB7CCA8129C3507003C3E95 /* GHUnitTestMain.m */ = {isa = PBXFileReference; fileEncoding = 4; lastKnownFileType = sourcecode.c.objc; path = GHUnitTestMain.m; sourceTree = "<group>"; };
		1BB7CCE5129C35B7003C3E95 /* WBIndexIteratorTests.m */ = {isa = PBXFileReference; fileEncoding = 4; lastKnownFileType = sourcecode.c.objc; path = WBIndexIteratorTests.m; sourceTree = "<group>"; };
		1BD8EF3F1257F5F600F359B0 /* RSEditor.xib */ = {isa = PBXFileReference; lastKnownFileType = file.xib; path = RSEditor.xib; sourceTree = "<group>"; };
		1BD8EF401257F5F600F359B0 /* RSEditorView.h */ = {isa = PBXFileReference; fileEncoding = 4; lastKnownFileType = sourcecode.c.h; path = RSEditorView.h; sourceTree = "<group>"; };
		1BD8EF411257F5F600F359B0 /* RSEditorView.m */ = {isa = PBXFileReference; fileEncoding = 4; lastKnownFileType = sourcecode.c.objc; path = RSEditorView.m; sourceTree = "<group>"; };
		1BD8EF421257F5F600F359B0 /* TOutline.png */ = {isa = PBXFileReference; lastKnownFileType = image.png; path = TOutline.png; sourceTree = "<group>"; };
		1BE35AD80D36E1120007ED9A /* WBFunctionsTest.m */ = {isa = PBXFileReference; fileEncoding = 4; lastKnownFileType = sourcecode.c.objc; path = WBFunctionsTest.m; sourceTree = "<group>"; };
		1BE35ADA0D36E1120007ED9A /* WBLSFunctionsTest.m */ = {isa = PBXFileReference; fileEncoding = 4; lastKnownFileType = sourcecode.c.objc; path = WBLSFunctionsTest.m; sourceTree = "<group>"; };
		1BF23A8A0D376DF6007EF8EB /* DirectoryService.framework */ = {isa = PBXFileReference; lastKnownFileType = wrapper.framework; name = DirectoryService.framework; path = /System/Library/Frameworks/DirectoryService.framework; sourceTree = "<absolute>"; };
		1BF23A8E0D376E01007EF8EB /* IOKit.framework */ = {isa = PBXFileReference; lastKnownFileType = wrapper.framework; name = IOKit.framework; path = /System/Library/Frameworks/IOKit.framework; sourceTree = "<absolute>"; };
		1BF23A920D376E1E007EF8EB /* libffi.dylib */ = {isa = PBXFileReference; lastKnownFileType = "compiled.mach-o.dylib"; name = libffi.dylib; path = /usr/lib/libffi.dylib; sourceTree = "<absolute>"; };
		1BF23B5E0D377544007EF8EB /* libxml2.dylib */ = {isa = PBXFileReference; lastKnownFileType = "compiled.mach-o.dylib"; name = libxml2.dylib; path = /usr/lib/libxml2.dylib; sourceTree = "<absolute>"; };
		1BF76C870D367E0000A8758E /* Info.plist */ = {isa = PBXFileReference; lastKnownFileType = text.plist.xml; path = Info.plist; sourceTree = "<group>"; };
		8DC2EF5A0486A6940098B216 /* Info.plist */ = {isa = PBXFileReference; fileEncoding = 4; lastKnownFileType = text.plist.xml; path = Info.plist; sourceTree = "<group>"; };
		8DC2EF5B0486A6940098B216 /* WonderBox.framework */ = {isa = PBXFileReference; explicitFileType = wrapper.framework; includeInIndex = 0; path = WonderBox.framework; sourceTree = BUILT_PRODUCTS_DIR; };
		D2F7E79907B2D74100F64583 /* CoreData.framework */ = {isa = PBXFileReference; lastKnownFileType = wrapper.framework; name = CoreData.framework; path = /System/Library/Frameworks/CoreData.framework; sourceTree = "<absolute>"; };
/* End PBXFileReference section */

/* Begin PBXFrameworksBuildPhase section */
		1B5634800F5AF9AD00BD119C /* Frameworks */ = {
			isa = PBXFrameworksBuildPhase;
			buildActionMask = 2147483647;
			files = (
				1B5634980F5AF9D700BD119C /* GHUnit.framework in Frameworks */,
				1B5634A90F5AFA6000BD119C /* Cocoa.framework in Frameworks */,
			);
			runOnlyForDeploymentPostprocessing = 0;
		};
		8DC2EF560486A6940098B216 /* Frameworks */ = {
			isa = PBXFrameworksBuildPhase;
			buildActionMask = 2147483647;
			files = (
				1B158E6A1255228400584D8E /* QTKit.framework in Frameworks */,
				8DC2EF570486A6940098B216 /* Cocoa.framework in Frameworks */,
				1B158D931255226B00584D8E /* OpenGL.framework in Frameworks */,
				1B158D8E1255225400584D8E /* Security.framework in Frameworks */,
				1B158E8C1255229E00584D8E /* CoreVideo.framework in Frameworks */,
				1B158E671255227F00584D8E /* QuickTime.framework in Frameworks */,
			);
			runOnlyForDeploymentPostprocessing = 0;
		};
/* End PBXFrameworksBuildPhase section */

/* Begin PBXGroup section */
		034768DFFF38A50411DB9C8B /* Products */ = {
			isa = PBXGroup;
			children = (
				8DC2EF5B0486A6940098B216 /* WonderBox.framework */,
				1B5634820F5AF9AD00BD119C /* GHTests.app */,
			);
			name = Products;
			sourceTree = "<group>";
		};
		0867D691FE84028FC02AAC07 /* OmniTools */ = {
			isa = PBXGroup;
			children = (
				08FB77AEFE84172EC02AAC07 /* Sources */,
				1BF76C800D367DF100A8758E /* Tests */,
				089C1665FE841158C02AAC07 /* Resources */,
				0867D69AFE84028FC02AAC07 /* External Frameworks and Libraries */,
				034768DFFF38A50411DB9C8B /* Products */,
				1B2D5BDD0D36790F00B28046 /* xcconfigs */,
				1B158D8D1255225400584D8E /* Security.framework */,
				1B158E8B1255229E00584D8E /* CoreVideo.framework */,
			);
			name = OmniTools;
			sourceTree = "<group>";
		};
		0867D69AFE84028FC02AAC07 /* External Frameworks and Libraries */ = {
			isa = PBXGroup;
			children = (
				1BF23A920D376E1E007EF8EB /* libffi.dylib */,
				1BF23B5E0D377544007EF8EB /* libxml2.dylib */,
				1058C7B0FEA5585E11CA2CBB /* Linked Frameworks */,
				1058C7B2FEA5585E11CA2CBB /* Other Frameworks */,
			);
			name = "External Frameworks and Libraries";
			sourceTree = "<group>";
		};
		089C1665FE841158C02AAC07 /* Resources */ = {
			isa = PBXGroup;
			children = (
				8DC2EF5A0486A6940098B216 /* Info.plist */,
				089C1666FE841158C02AAC07 /* InfoPlist.strings */,
			);
			name = Resources;
			sourceTree = "<group>";
		};
		08FB77AEFE84172EC02AAC07 /* Sources */ = {
			isa = PBXGroup;
			children = (
				1B8B08831255D1420028DAD4 /* WBBase.h */,
				1B158A6012551FE300584D8E /* AppKit */,
				1B158A8612551FE300584D8E /* CollapseView */,
				1B158A8D12551FE300584D8E /* Foundation */,
				1B158AA512551FE300584D8E /* Functions */,
				1B158AC012551FE300584D8E /* Interface */,
				1B158AD712551FE300584D8E /* Launchd */,
				1B158AE012551FE300584D8E /* Macros */,
				1B158AE612551FE300584D8E /* Multimedia */,
				1B158AF712551FE300584D8E /* OpenGL */,
				1BD8EF3E1257F5F600F359B0 /* RSEditor */,
				1B158B0012551FE300584D8E /* Security */,
				1B158B0712551FE300584D8E /* Wizard */,
			);
			path = Sources;
			sourceTree = "<group>";
		};
		1058C7B0FEA5585E11CA2CBB /* Linked Frameworks */ = {
			isa = PBXGroup;
			children = (
				1BF23A8E0D376E01007EF8EB /* IOKit.framework */,
				1B6342C20E0A9362002E195E /* QTKit.framework */,
				1058C7B1FEA5585E11CA2CBB /* Cocoa.framework */,
				1B877D150D37E4B5007A59B5 /* WebKit.framework */,
				1B6342CB0E0A9380002E195E /* OpenGL.framework */,
				1B967C500D38E09C000F481B /* Security.framework */,
				1B6342D90E0A93A0002E195E /* AudioUnit.framework */,
				1B6342C40E0A9362002E195E /* QuickTime.framework */,
				1B6342CD0E0A9380002E195E /* QuartzCore.framework */,
				1B6342D40E0A9394002E195E /* CoreAudioKit.framework */,
				1BF23A8A0D376DF6007EF8EB /* DirectoryService.framework */,
				1B36CA2B0D390B85002AB5FD /* SystemConfiguration.framework */,
			);
			name = "Linked Frameworks";
			sourceTree = "<group>";
		};
		1058C7B2FEA5585E11CA2CBB /* Other Frameworks */ = {
			isa = PBXGroup;
			children = (
				1B5634970F5AF9D700BD119C /* GHUnit.framework */,
				0867D6A5FE840307C02AAC07 /* AppKit.framework */,
				D2F7E79907B2D74100F64583 /* CoreData.framework */,
				0867D69BFE84028FC02AAC07 /* Foundation.framework */,
			);
			name = "Other Frameworks";
			sourceTree = "<group>";
		};
		1B158A6012551FE300584D8E /* AppKit */ = {
			isa = PBXGroup;
			children = (
				1B158A6112551FE300584D8E /* Categories */,
				1B158A7812551FE300584D8E /* WBOutlineView.h */,
				1B158A7912551FE300584D8E /* WBOutlineView.m */,
				1B158A7A12551FE300584D8E /* WBOutlineViewController.h */,
				1B158A7B12551FE300584D8E /* WBOutlineViewController.m */,
				1B158A7C12551FE300584D8E /* WBTableDataSource.h */,
				1B158A7D12551FE300584D8E /* WBTableDataSource.m */,
				1B158A7E12551FE300584D8E /* WBTableView.h */,
				1B158A7F12551FE300584D8E /* WBTableView.m */,
				1B158A8012551FE300584D8E /* WBUITreeNode.h */,
				1B158A8112551FE300584D8E /* WBUITreeNode.m */,
				1B158A8212551FE300584D8E /* WBViewController.h */,
				1B158A8312551FE300584D8E /* WBViewController.m */,
				1B4C14E31255E65D00C82DE3 /* WBDateTableColumn.h */,
				1B4C14E41255E65D00C82DE3 /* WBDateTableColumn.m */,
				1B158A8412551FE300584D8E /* WBWindowController.h */,
				1B158A8512551FE300584D8E /* WBWindowController.m */,
			);
			path = AppKit;
			sourceTree = "<group>";
		};
		1B158A6112551FE300584D8E /* Categories */ = {
			isa = PBXGroup;
			children = (
				1B158A6212551FE300584D8E /* NSAlert+WonderBox.h */,
				1B158A6312551FE300584D8E /* NSAlert+WonderBox.m */,
				1B158A6412551FE300584D8E /* NSArrayController+WonderBox.h */,
				1B158A6512551FE300584D8E /* NSArrayController+WonderBox.m */,
				1B158A6612551FE300584D8E /* NSButton+WonderBox.h */,
				1B158A6712551FE300584D8E /* NSButton+WonderBox.m */,
				1B158A6812551FE300584D8E /* NSColor+WonderBox.h */,
				1B158A6912551FE300584D8E /* NSColor+WonderBox.m */,
				1B158A6A12551FE300584D8E /* NSFileWrapper+WonderBox.h */,
				1B158A6B12551FE300584D8E /* NSFileWrapper+WonderBox.m */,
				1B158A6C12551FE300584D8E /* NSImage+WonderBox.h */,
				1B158A6D12551FE300584D8E /* NSImage+WonderBox.m */,
				1B158A6E12551FE300584D8E /* NSImageView+WonderBox.h */,
				1B158A6F12551FE300584D8E /* NSImageView+WonderBox.m */,
				1B158A7012551FE300584D8E /* NSTableView+WonderBox.h */,
				1B158A7112551FE300584D8E /* NSTableView+WonderBox.m */,
				1B158A7212551FE300584D8E /* NSTabView+WonderBox.h */,
				1B158A7312551FE300584D8E /* NSTabView+WonderBox.m */,
				1B158A7412551FE300584D8E /* NSText+WonderBox.h */,
				1B158A7512551FE300584D8E /* NSText+WonderBox.m */,
				1B158A7612551FE300584D8E /* NSUserDefaults+WonderBox.h */,
				1B158A7712551FE300584D8E /* NSUserDefaults+WonderBox.m */,
			);
			path = Categories;
			sourceTree = "<group>";
		};
		1B158A8612551FE300584D8E /* CollapseView */ = {
			isa = PBXGroup;
			children = (
				1B158A8712551FE300584D8E /* WBCollapseView.h */,
				1B158A8812551FE300584D8E /* WBCollapseView.m */,
				1B158A8912551FE300584D8E /* WBCollapseViewInternal.h */,
				1B158A8A12551FE300584D8E /* WBCollapseViewInternal.m */,
				1B158A8B12551FE300584D8E /* WBCollapseViewItem.h */,
				1B158A8C12551FE300584D8E /* WBCollapseViewItem.m */,
			);
			path = CollapseView;
			sourceTree = "<group>";
		};
		1B158A8D12551FE300584D8E /* Foundation */ = {
			isa = PBXGroup;
			children = (
				1B158A8E12551FE300584D8E /* Categories */,
				1B158A9312551FE300584D8E /* WBAlias.h */,
				1B158A9412551FE300584D8E /* WBAlias.m */,
				1B158A9512551FE300584D8E /* WBAppleRemote.h */,
				1B158A9612551FE300584D8E /* WBAppleRemote.m */,
				1B158A9712551FE300584D8E /* WBApplication.h */,
				1B158A9812551FE300584D8E /* WBApplication.m */,
				1B158A9912551FE300584D8E /* WBExtendedTreeNode.h */,
				1B158A9A12551FE300584D8E /* WBExtendedTreeNode.m */,
				1B158A9B12551FE300584D8E /* WBInterpolationFunction.h */,
				1B158A9C12551FE300584D8E /* WBInterpolationFunction.m */,
				1BB7CC3B129C2E59003C3E95 /* WBIndexSetIterator.h */,
				1BB7CC3C129C2E59003C3E95 /* WBIndexSetIterator.m */,
				1B158A9D12551FE300584D8E /* WBSerialQueue.h */,
				1B158A9E12551FE300584D8E /* WBSerialQueue.m */,
				1B158A9F12551FE300584D8E /* WBThreadPort.h */,
				1B158AA012551FE300584D8E /* WBThreadPort.m */,
				1B158AA112551FE300584D8E /* WBTreeNode.h */,
				1B158AA212551FE300584D8E /* WBTreeNode.m */,
				1B158AA312551FE300584D8E /* WBXMLWriter.h */,
				1B158AA412551FE300584D8E /* WBXMLWriter.m */,
			);
			path = Foundation;
			sourceTree = "<group>";
		};
		1B158A8E12551FE300584D8E /* Categories */ = {
			isa = PBXGroup;
			children = (
				1B158A8F12551FE300584D8E /* NSError+WonderBox.h */,
				1B158A9012551FE300584D8E /* NSError+WonderBox.m */,
				1B158A9112551FE300584D8E /* NSObject+WonderBox.h */,
				1B158A9212551FE300584D8E /* NSObject+WonderBox.m */,
			);
			path = Categories;
			sourceTree = "<group>";
		};
		1B158AA512551FE300584D8E /* Functions */ = {
			isa = PBXGroup;
			children = (
				1B158AA612551FE300584D8E /* WBAEFunctions.c */,
				1B158AA712551FE300584D8E /* WBAEFunctions.h */,
				1B158AA812551FE300584D8E /* WBBase64.c */,
				1B158AA912551FE300584D8E /* WBBase64.h */,
				1B158AAA12551FE300584D8E /* WBCGFunctions.h */,
				1B158AAB12551FE300584D8E /* WBCGFunctions.m */,
				1B158AAC12551FE300584D8E /* WBFinderSuite.c */,
				1B158AAD12551FE300584D8E /* WBFinderSuite.h */,
				1B158AAE12551FE300584D8E /* WBFSFunctions.h */,
				1B158AAF12551FE300584D8E /* WBFSFunctions.m */,
				1B158AB012551FE300584D8E /* WBFunctions.h */,
				1B158AB112551FE300584D8E /* WBFunctions.m */,
				1B158AB212551FE300584D8E /* WBGeometry.h */,
				1B158AB312551FE300584D8E /* WBGeometry.m */,
				1B158AB412551FE300584D8E /* WBIOFunctions.c */,
				1B158AB512551FE300584D8E /* WBIOFunctions.h */,
				1B158AB612551FE300584D8E /* WBLSFunctions.h */,
				1B158AB712551FE300584D8E /* WBLSFunctions.m */,
				1B158AB812551FE300584D8E /* WBObjCRuntime.h */,
				1B158AB912551FE300584D8E /* WBObjCRuntime.m */,
				1B158ABA12551FE300584D8E /* WBProcessFunctions.c */,
				1B158ABB12551FE300584D8E /* WBProcessFunctions.h */,
				1B158ABC12551FE300584D8E /* WBTextFunctions.c */,
				1B158ABD12551FE300584D8E /* WBTextFunctions.h */,
				1B158ABE12551FE300584D8E /* WBVersionFunctions.h */,
				1B158ABF12551FE300584D8E /* WBVersionFunctions.m */,
			);
			path = Functions;
			sourceTree = "<group>";
		};
		1B158AC012551FE300584D8E /* Interface */ = {
			isa = PBXGroup;
			children = (
				1B158AC112551FE300584D8E /* Resources */,
				1B158AC712551FE300584D8E /* WBBoxLayer.h */,
				1B158AC812551FE300584D8E /* WBBoxLayer.m */,
				1B158AC912551FE300584D8E /* WBGradient.h */,
				1B158ACA12551FE300584D8E /* WBGradient.m */,
				1B158ACB12551FE300584D8E /* WBImageAndTextCell.h */,
				1B158ACC12551FE300584D8E /* WBImageAndTextCell.m */,
				1B158ACD12551FE300584D8E /* WBImageAndTextView.h */,
				1B158ACE12551FE300584D8E /* WBImageAndTextView.m */,
				1B158ACF12551FE300584D8E /* WBProgressPanel.h */,
				1B158AD012551FE300584D8E /* WBProgressPanel.m */,
				1B158AD112551FE300584D8E /* WBStringLayer.h */,
				1B158AD212551FE300584D8E /* WBStringLayer.m */,
				1B158AD312551FE300584D8E /* WBTabWindowController.h */,
				1B158AD412551FE300584D8E /* WBTabWindowController.m */,
				1B158AD512551FE300584D8E /* WBTextFieldCell.h */,
				1B158AD612551FE300584D8E /* WBTextFieldCell.m */,
			);
			path = Interface;
			sourceTree = "<group>";
		};
		1B158AC112551FE300584D8E /* Resources */ = {
			isa = PBXGroup;
			children = (
				1B158AC212551FE300584D8E /* WBProgress.strings */,
				1B158AC512551FE300584D8E /* WBProgressPanel.xib */,
				1B158AC612551FE300584D8E /* WBTabWindow.xib */,
			);
			path = Resources;
			sourceTree = "<group>";
		};
		1B158AD712551FE300584D8E /* Launchd */ = {
			isa = PBXGroup;
			children = (
				1B158AD812551FE300584D8E /* WBDaemonTask.h */,
				1B158AD912551FE300584D8E /* WBDaemonTask.m */,
				1B158ADA12551FE300584D8E /* WBMachDispatch.c */,
				1B158ADB12551FE300584D8E /* WBMachDispatch.h */,
				1B158ADC12551FE300584D8E /* WBService.c */,
				1B158ADD12551FE300584D8E /* WBService.h */,
				1B158ADE12551FE300584D8E /* WBServiceManagement.c */,
				1B158ADF12551FE300584D8E /* WBServiceManagement.h */,
			);
			path = Launchd;
			sourceTree = "<group>";
		};
		1B158AE012551FE300584D8E /* Macros */ = {
			isa = PBXGroup;
			children = (
				1B158AE112551FE300584D8E /* WBClassCluster.h */,
				1B158AE212551FE300584D8E /* WBForwarding.h */,
				1B158AE312551FE300584D8E /* WBKeyValueCoding.h */,
				1B158AE412551FE300584D8E /* WBScope.h */,
				1B158AE512551FE300584D8E /* WBSingleton.h */,
			);
			path = Macros;
			sourceTree = "<group>";
		};
		1B158AE612551FE300584D8E /* Multimedia */ = {
			isa = PBXGroup;
			children = (
				1B158AE712551FE300584D8E /* WBAudioFunctions.h */,
				1B158AE812551FE300584D8E /* WBAudioFunctions.mm */,
				1B158AE912551FE300584D8E /* WBAUFunctions.h */,
				1B158AEA12551FE300584D8E /* WBAUFunctions.m */,
				1B158AEB12551FE300584D8E /* WBComponent.h */,
				1B158AEC12551FE300584D8E /* WBComponent.m */,
				1B158AED12551FE300584D8E /* WBMediaFunctions.h */,
				1B158AEE12551FE300584D8E /* WBMediaFunctions.m */,
				1B158AEF12551FE300584D8E /* WBMovieTexture.h */,
				1B158AF012551FE300584D8E /* WBMovieTexture.m */,
				1B158AF112551FE300584D8E /* WBMovieTextureInternal.h */,
				1B158AF212551FE300584D8E /* WBMovieTextureStreaming.m */,
				1B158AF312551FE300584D8E /* WBQTMovieTimecode.h */,
				1B158AF412551FE300584D8E /* WBQTMovieTimecode.m */,
				1B158AF512551FE300584D8E /* WBQTVisualContext.h */,
				1B158AF612551FE300584D8E /* WBQTVisualContext.m */,
			);
			path = Multimedia;
			sourceTree = "<group>";
		};
		1B158AF712551FE300584D8E /* OpenGL */ = {
			isa = PBXGroup;
			children = (
				1B158AF812551FE300584D8E /* WBGLFrameBuffer.h */,
				1B158AF912551FE300584D8E /* WBGLFrameBuffer.m */,
				1B158AFA12551FE300584D8E /* WBGLStringBox.h */,
				1B158AFB12551FE300584D8E /* WBGLStringBox.m */,
				1B158AFC12551FE300584D8E /* WBOpenGLTeapotList.c */,
				1B158AFD12551FE300584D8E /* WBOpenGLTeapotList.h */,
				1B158AFE12551FE300584D8E /* WBOpenGLView.h */,
				1B158AFF12551FE300584D8E /* WBOpenGLView.m */,
			);
			path = OpenGL;
			sourceTree = "<group>";
		};
		1B158B0012551FE300584D8E /* Security */ = {
			isa = PBXGroup;
			children = (
				1B158B0112551FE300584D8E /* WBCDSAFunctions.c */,
				1B158B0212551FE300584D8E /* WBCDSAFunctions.h */,
				1B158B0312551FE300584D8E /* WBDigestFunctions.c */,
				1B158B0412551FE300584D8E /* WBDigestFunctions.h */,
				1B158B0512551FE300584D8E /* WBSecurityFunctions.c */,
				1B158B0612551FE300584D8E /* WBSecurityFunctions.h */,
			);
			path = Security;
			sourceTree = "<group>";
		};
		1B158B0712551FE300584D8E /* Wizard */ = {
			isa = PBXGroup;
			children = (
				1B158B0812551FE300584D8E /* Resources */,
				1B158B1112551FE300584D8E /* WBWizard.h */,
				1B158B1212551FE300584D8E /* WBWizard.m */,
				1B158B1312551FE300584D8E /* WBWizardPage.h */,
				1B158B1412551FE300584D8E /* WBWizardPage.m */,
			);
			path = Wizard;
			sourceTree = "<group>";
		};
		1B158B0812551FE300584D8E /* Resources */ = {
			isa = PBXGroup;
			children = (
				1B158B0912551FE300584D8E /* Assistant.icns */,
				1B158B0A12551FE300584D8E /* WBWizard.strings */,
				1B158B0C12551FE300584D8E /* WBWizard.xib */,
				1B158B1012551FE300584D8E /* WBWizard.tiff */,
			);
			path = Resources;
			sourceTree = "<group>";
		};
		1B2D5BDD0D36790F00B28046 /* xcconfigs */ = {
			isa = PBXGroup;
			children = (
				1B7FED410ED3362B00B5780B /* WonderBoxDebug.xcconfig */,
				1B7FED420ED3362B00B5780B /* WonderBoxRelease.xcconfig */,
			);
			name = xcconfigs;
			path = ../xcconfigs;
			sourceTree = SOURCE_ROOT;
		};
		1BD8EF3E1257F5F600F359B0 /* RSEditor */ = {
			isa = PBXGroup;
			children = (
				1BD8EF3F1257F5F600F359B0 /* RSEditor.xib */,
				1BD8EF421257F5F600F359B0 /* TOutline.png */,
				1BD8EF401257F5F600F359B0 /* RSEditorView.h */,
				1BD8EF411257F5F600F359B0 /* RSEditorView.m */,
			);
			path = RSEditor;
			sourceTree = "<group>";
		};
		1BF76C800D367DF100A8758E /* Tests */ = {
			isa = PBXGroup;
			children = (
				1BB7CCA8129C3507003C3E95 /* GHUnitTestMain.m */,
				1BF76C870D367E0000A8758E /* Info.plist */,
				1B4F54E10F53E9080091CADB /* WBMacroTests.m */,
				1B3F052C0EFAA340009F43A5 /* WBScopeTest.m */,
				1BE35AD80D36E1120007ED9A /* WBFunctionsTest.m */,
				1BE35ADA0D36E1120007ED9A /* WBLSFunctionsTest.m */,
				1BB0E2620D62F7580041C166 /* WBLicenseTest.m */,
				1B63B9710EE2C57F000ED041 /* WBBase64Test.m */,
				1BB7CCE5129C35B7003C3E95 /* WBIndexIteratorTests.m */,
			);
			path = Tests;
			sourceTree = "<group>";
		};
/* End PBXGroup section */

/* Begin PBXHeadersBuildPhase section */
		8DC2EF500486A6940098B216 /* Headers */ = {
			isa = PBXHeadersBuildPhase;
			buildActionMask = 2147483647;
			files = (
				1B158BEF1255205100584D8E /* NSArrayController+WonderBox.h in Headers */,
				1B158BF11255205500584D8E /* NSError+WonderBox.h in Headers */,
				1B158BF31255205700584D8E /* NSImage+WonderBox.h in Headers */,
				1B158BF51255205A00584D8E /* NSObject+WonderBox.h in Headers */,
				1B158BF81255206600584D8E /* NSTableView+WonderBox.h in Headers */,
				1B158BFB1255206B00584D8E /* WBAEFunctions.h in Headers */,
				1B158BFC1255206C00584D8E /* WBAlias.h in Headers */,
				1B158BFE1255207100584D8E /* WBAudioFunctions.h in Headers */,
				1B158C011255207900584D8E /* WBCDSAFunctions.h in Headers */,
				1B158C021255207D00584D8E /* WBCGFunctions.h in Headers */,
				1B158C041255207F00584D8E /* WBClassCluster.h in Headers */,
				1B158C051255208100584D8E /* WBCollapseView.h in Headers */,
				1B158C071255208500584D8E /* WBDaemonTask.h in Headers */,
				1B158C0A1255208A00584D8E /* WBFinderSuite.h in Headers */,
				1B158C0C1255208D00584D8E /* WBFSFunctions.h in Headers */,
				1B158C0E1255209100584D8E /* WBFunctions.h in Headers */,
				1B158C101255209200584D8E /* WBGeometry.h in Headers */,
				1B158C121255209400584D8E /* WBGLFrameBuffer.h in Headers */,
				1B158C141255209700584D8E /* WBGradient.h in Headers */,
				1B158C161255209D00584D8E /* WBImageAndTextCell.h in Headers */,
				1B158C18125520A000584D8E /* WBInterpolationFunction.h in Headers */,
				1B158C1A125520A200584D8E /* WBLSFunctions.h in Headers */,
				1B158C1C125520AC00584D8E /* WBMediaFunctions.h in Headers */,
				1B158C1E125520BC00584D8E /* WBObjCRuntime.h in Headers */,
				1B158C20125520BF00584D8E /* WBOpenGLView.h in Headers */,
				1B158C22125520C100584D8E /* WBOutlineView.h in Headers */,
				1B158C25125520C300584D8E /* WBProcessFunctions.h in Headers */,
				1B158C26125520C800584D8E /* WBProgressPanel.h in Headers */,
				1B158C29125520D000584D8E /* WBQTMovieTimecode.h in Headers */,
				1B158C2C125520D600584D8E /* WBSecurityFunctions.h in Headers */,
				1B158C2D125520D600584D8E /* WBSerialQueue.h in Headers */,
				1B158C30125520D900584D8E /* WBServiceManagement.h in Headers */,
				1B158C31125520DD00584D8E /* WBTableDataSource.h in Headers */,
				1B158C33125520E000584D8E /* WBTableView.h in Headers */,
				1B158C36125520E300584D8E /* WBTabWindowController.h in Headers */,
				1B158C38125520E500584D8E /* WBTextFieldCell.h in Headers */,
				1B158C3A125520E700584D8E /* WBThreadPort.h in Headers */,
				1B158C3C125520F400584D8E /* WBVersionFunctions.h in Headers */,
				1B158C3E125520F500584D8E /* WBWindowController.h in Headers */,
				1B158EA3125522B600584D8E /* WBCollapseViewItem.h in Headers */,
				1B158EA5125522B700584D8E /* WBCollapseViewInternal.h in Headers */,
				1B158EF61255244300584D8E /* WBGLStringBox.h in Headers */,
				1B158EF81255244D00584D8E /* WBBoxLayer.h in Headers */,
				1B158EFA1255245500584D8E /* WBStringLayer.h in Headers */,
				1B8B08841255D1420028DAD4 /* WBBase.h in Headers */,
				1B4C14E51255E65D00C82DE3 /* WBDateTableColumn.h in Headers */,
				1BD8EF441257F5F600F359B0 /* RSEditorView.h in Headers */,
				1BB7CC3D129C2E59003C3E95 /* WBIndexSetIterator.h in Headers */,
			);
			runOnlyForDeploymentPostprocessing = 0;
		};
/* End PBXHeadersBuildPhase section */

/* Begin PBXNativeTarget section */
		1B5634810F5AF9AD00BD119C /* GHTests */ = {
			isa = PBXNativeTarget;
			buildConfigurationList = 1B5634890F5AF9B000BD119C /* Build configuration list for PBXNativeTarget "GHTests" */;
			buildPhases = (
				1B56347E0F5AF9AD00BD119C /* Resources */,
				1B56347F0F5AF9AD00BD119C /* Sources */,
				1B5634800F5AF9AD00BD119C /* Frameworks */,
			);
			buildRules = (
			);
			dependencies = (
			);
			name = GHTests;
			productName = GHTests;
			productReference = 1B5634820F5AF9AD00BD119C /* GHTests.app */;
			productType = "com.apple.product-type.application";
		};
		8DC2EF4F0486A6940098B216 /* WonderBox */ = {
			isa = PBXNativeTarget;
			buildConfigurationList = 1DEB91AD08733DA50010E9CD /* Build configuration list for PBXNativeTarget "WonderBox" */;
			buildPhases = (
				8DC2EF500486A6940098B216 /* Headers */,
				8DC2EF520486A6940098B216 /* Resources */,
				8DC2EF540486A6940098B216 /* Sources */,
				8DC2EF560486A6940098B216 /* Frameworks */,
			);
			buildRules = (
				1B9CA7530DC8CA7400BAF149 /* PBXBuildRule */,
			);
			dependencies = (
			);
			name = WonderBox;
			productInstallPath = "$(HOME)/Library/Frameworks";
			productName = OmniTools;
			productReference = 8DC2EF5B0486A6940098B216 /* WonderBox.framework */;
			productType = "com.apple.product-type.framework";
		};
/* End PBXNativeTarget section */

/* Begin PBXProject section */
		0867D690FE84028FC02AAC07 /* Project object */ = {
			isa = PBXProject;
			buildConfigurationList = 1DEB91B108733DA50010E9CD /* Build configuration list for PBXProject "WonderBox" */;
			compatibilityVersion = "Xcode 3.1";
			developmentRegion = en;
			hasScannedForEncodings = 1;
			knownRegions = (
				en,
				fr,
			);
			mainGroup = 0867D691FE84028FC02AAC07 /* OmniTools */;
			productRefGroup = 034768DFFF38A50411DB9C8B /* Products */;
			projectDirPath = "";
			projectRoot = "";
			targets = (
				8DC2EF4F0486A6940098B216 /* WonderBox */,
				1B5634810F5AF9AD00BD119C /* GHTests */,
			);
		};
/* End PBXProject section */

/* Begin PBXResourcesBuildPhase section */
		1B56347E0F5AF9AD00BD119C /* Resources */ = {
			isa = PBXResourcesBuildPhase;
			buildActionMask = 2147483647;
			files = (
			);
			runOnlyForDeploymentPostprocessing = 0;
		};
		8DC2EF520486A6940098B216 /* Resources */ = {
			isa = PBXResourcesBuildPhase;
			buildActionMask = 2147483647;
			files = (
				8DC2EF530486A6940098B216 /* InfoPlist.strings in Resources */,
				1B158C35125520E200584D8E /* WBTabWindow.xib in Resources */,
				1B158B6F12551FE400584D8E /* WBProgress.strings in Resources */,
				1B158C28125520CF00584D8E /* WBProgressPanel.xib in Resources */,
				1BD8EF431257F5F600F359B0 /* RSEditor.xib in Resources */,
				1BD8EF461257F5F600F359B0 /* TOutline.png in Resources */,
			);
			runOnlyForDeploymentPostprocessing = 0;
		};
/* End PBXResourcesBuildPhase section */

/* Begin PBXSourcesBuildPhase section */
		1B56347F0F5AF9AD00BD119C /* Sources */ = {
			isa = PBXSourcesBuildPhase;
			buildActionMask = 2147483647;
			files = (
				1B5634900F5AF9C400BD119C /* WBBase64Test.m in Sources */,
				1B5634920F5AF9C400BD119C /* WBFunctionsTest.m in Sources */,
				1B5634930F5AF9C400BD119C /* WBLSFunctionsTest.m in Sources */,
				1B5634940F5AF9C400BD119C /* WBMacroTests.m in Sources */,
				1B5634960F5AF9C400BD119C /* WBScopeTest.m in Sources */,
				1BB7CCAC129C350D003C3E95 /* GHUnitTestMain.m in Sources */,
				1BB7CCB4129C3521003C3E95 /* WBBase64.c in Sources */,
				1BB7CCB9129C353C003C3E95 /* WBObjCRuntime.m in Sources */,
				1BB7CCBC129C3542003C3E95 /* WBVersionFunctions.m in Sources */,
				1BB7CCBF129C3546003C3E95 /* WBLSFunctions.m in Sources */,
				1BB7CCC2129C354B003C3E95 /* WBFunctions.m in Sources */,
				1BB7CCE6129C35B7003C3E95 /* WBIndexIteratorTests.m in Sources */,
				1BB7CCEC129C3682003C3E95 /* WBIndexSetIterator.m in Sources */,
			);
			runOnlyForDeploymentPostprocessing = 0;
		};
		8DC2EF540486A6940098B216 /* Sources */ = {
			isa = PBXSourcesBuildPhase;
			buildActionMask = 2147483647;
			files = (
				1B158BF01255205100584D8E /* NSArrayController+WonderBox.m in Sources */,
				1B158BF21255205600584D8E /* NSError+WonderBox.m in Sources */,
				1B158BF41255205700584D8E /* NSImage+WonderBox.m in Sources */,
				1B158BF61255205B00584D8E /* NSObject+WonderBox.m in Sources */,
				1B158BF91255206700584D8E /* NSTableView+WonderBox.m in Sources */,
				1B158BFA1255206A00584D8E /* WBAEFunctions.c in Sources */,
				1B158BFD1255206C00584D8E /* WBAlias.m in Sources */,
				1B158BFF1255207100584D8E /* WBAudioFunctions.mm in Sources */,
				1B158C001255207900584D8E /* WBCDSAFunctions.c in Sources */,
				1B158C031255207D00584D8E /* WBCGFunctions.m in Sources */,
				1B158C061255208100584D8E /* WBCollapseView.m in Sources */,
				1B158C081255208500584D8E /* WBDaemonTask.m in Sources */,
				1B158C091255208A00584D8E /* WBFinderSuite.c in Sources */,
				1B158C0D1255208D00584D8E /* WBFSFunctions.m in Sources */,
				1B158C0F1255209100584D8E /* WBFunctions.m in Sources */,
				1B158C111255209200584D8E /* WBGeometry.m in Sources */,
				1B158C131255209500584D8E /* WBGLFrameBuffer.m in Sources */,
				1B158C151255209700584D8E /* WBGradient.m in Sources */,
				1B158C171255209D00584D8E /* WBImageAndTextCell.m in Sources */,
				1B158C19125520A000584D8E /* WBInterpolationFunction.m in Sources */,
				1B158C1B125520A300584D8E /* WBLSFunctions.m in Sources */,
				1B158C1D125520AC00584D8E /* WBMediaFunctions.m in Sources */,
				1B158C1F125520BD00584D8E /* WBObjCRuntime.m in Sources */,
				1B158C21125520BF00584D8E /* WBOpenGLView.m in Sources */,
				1B158C23125520C100584D8E /* WBOutlineView.m in Sources */,
				1B158C24125520C300584D8E /* WBProcessFunctions.c in Sources */,
				1B158C27125520C800584D8E /* WBProgressPanel.m in Sources */,
				1B158C2A125520D100584D8E /* WBQTMovieTimecode.m in Sources */,
				1B158C2B125520D500584D8E /* WBSecurityFunctions.c in Sources */,
				1B158C2E125520D600584D8E /* WBSerialQueue.m in Sources */,
				1B158C2F125520D900584D8E /* WBServiceManagement.c in Sources */,
				1B158C32125520DE00584D8E /* WBTableDataSource.m in Sources */,
				1B158C34125520E000584D8E /* WBTableView.m in Sources */,
				1B158C37125520E300584D8E /* WBTabWindowController.m in Sources */,
				1B158C39125520E600584D8E /* WBTextFieldCell.m in Sources */,
				1B158C3B125520E700584D8E /* WBThreadPort.m in Sources */,
				1B158C3D125520F400584D8E /* WBVersionFunctions.m in Sources */,
				1B158C3F125520F600584D8E /* WBWindowController.m in Sources */,
				1B158EA2125522B600584D8E /* WBCollapseViewItem.m in Sources */,
				1B158EA4125522B600584D8E /* WBCollapseViewInternal.m in Sources */,
				1B158EF71255244400584D8E /* WBGLStringBox.m in Sources */,
				1B158EF91255244D00584D8E /* WBBoxLayer.m in Sources */,
				1B158EFB1255245500584D8E /* WBStringLayer.m in Sources */,
				1B4C14E61255E65D00C82DE3 /* WBDateTableColumn.m in Sources */,
				1BD8EF451257F5F600F359B0 /* RSEditorView.m in Sources */,
				1BB7CC3E129C2E59003C3E95 /* WBIndexSetIterator.m in Sources */,
			);
			runOnlyForDeploymentPostprocessing = 0;
		};
/* End PBXSourcesBuildPhase section */

/* Begin PBXVariantGroup section */
		089C1666FE841158C02AAC07 /* InfoPlist.strings */ = {
			isa = PBXVariantGroup;
			children = (
				089C1667FE841158C02AAC07 /* English */,
			);
			name = InfoPlist.strings;
			sourceTree = "<group>";
		};
		1B158AC212551FE300584D8E /* WBProgress.strings */ = {
			isa = PBXVariantGroup;
			children = (
				1B158AC312551FE300584D8E /* English */,
				1B158AC412551FE300584D8E /* French */,
			);
			name = WBProgress.strings;
			sourceTree = "<group>";
		};
		1B158B0A12551FE300584D8E /* WBWizard.strings */ = {
			isa = PBXVariantGroup;
			children = (
				1B158B0B12551FE300584D8E /* English */,
				1B158B0E12551FE300584D8E /* French */,
			);
			name = WBWizard.strings;
			sourceTree = "<group>";
		};
		1B158B0C12551FE300584D8E /* WBWizard.xib */ = {
			isa = PBXVariantGroup;
			children = (
				1B158B0D12551FE300584D8E /* English */,
				1B158B0F12551FE300584D8E /* French */,
			);
			name = WBWizard.xib;
			sourceTree = "<group>";
		};
/* End PBXVariantGroup section */

/* Begin XCBuildConfiguration section */
		1B5634870F5AF9B000BD119C /* Debug */ = {
			isa = XCBuildConfiguration;
			buildSettings = {
				FRAMEWORK_SEARCH_PATHS = "$(DEVELOPER_LIBRARY_DIR)/Frameworks";
				INFOPLIST_FILE = Tests/Info.plist;
				INSTALL_PATH = "$(HOME)/Applications";
				PRODUCT_NAME = GHTests;
				WONDERBOX = "";
			};
			name = Debug;
		};
		1B5634880F5AF9B000BD119C /* Release */ = {
			isa = XCBuildConfiguration;
			buildSettings = {
				FRAMEWORK_SEARCH_PATHS = "$(DEVELOPER_LIBRARY_DIR)/Frameworks";
				INFOPLIST_FILE = Tests/Info.plist;
				INSTALL_PATH = "$(HOME)/Applications";
				PRODUCT_NAME = GHTests;
				WONDERBOX = "";
			};
			name = Release;
		};
		1DEB91AE08733DA50010E9CD /* Debug */ = {
			isa = XCBuildConfiguration;
			buildSettings = {
				CURRENT_PROJECT_VERSION = 241;
				DYLIB_COMPATIBILITY_VERSION = 1;
				DYLIB_CURRENT_VERSION = 241;
				FRAMEWORK_VERSION = A;
				HEADER_SEARCH_PATHS = /usr/include/libxml2;
				INFOPLIST_FILE = Info.plist;
				INSTALL_PATH = "@rpath";
				PRODUCT_NAME = WonderBox;
				WRAPPER_EXTENSION = framework;
			};
			name = Debug;
		};
		1DEB91AF08733DA50010E9CD /* Release */ = {
			isa = XCBuildConfiguration;
			buildSettings = {
				CURRENT_PROJECT_VERSION = 241;
				DYLIB_COMPATIBILITY_VERSION = 1;
				DYLIB_CURRENT_VERSION = 241;
				FRAMEWORK_VERSION = A;
				HEADER_SEARCH_PATHS = /usr/include/libxml2;
				INFOPLIST_FILE = Info.plist;
				INSTALL_PATH = "@rpath";
				PRODUCT_NAME = WonderBox;
				WRAPPER_EXTENSION = framework;
			};
			name = Release;
		};
		1DEB91B208733DA50010E9CD /* Debug */ = {
			isa = XCBuildConfiguration;
			baseConfigurationReference = 1B7FED410ED3362B00B5780B /* WonderBoxDebug.xcconfig */;
			buildSettings = {
			};
			name = Debug;
		};
		1DEB91B308733DA50010E9CD /* Release */ = {
			isa = XCBuildConfiguration;
			baseConfigurationReference = 1B7FED420ED3362B00B5780B /* WonderBoxRelease.xcconfig */;
			buildSettings = {
			};
			name = Release;
		};
/* End XCBuildConfiguration section */

/* Begin XCConfigurationList section */
		1B5634890F5AF9B000BD119C /* Build configuration list for PBXNativeTarget "GHTests" */ = {
			isa = XCConfigurationList;
			buildConfigurations = (
				1B5634870F5AF9B000BD119C /* Debug */,
				1B5634880F5AF9B000BD119C /* Release */,
			);
			defaultConfigurationIsVisible = 0;
			defaultConfigurationName = Debug;
		};
		1DEB91AD08733DA50010E9CD /* Build configuration list for PBXNativeTarget "WonderBox" */ = {
			isa = XCConfigurationList;
			buildConfigurations = (
				1DEB91AE08733DA50010E9CD /* Debug */,
				1DEB91AF08733DA50010E9CD /* Release */,
			);
			defaultConfigurationIsVisible = 0;
			defaultConfigurationName = Debug;
		};
		1DEB91B108733DA50010E9CD /* Build configuration list for PBXProject "WonderBox" */ = {
			isa = XCConfigurationList;
			buildConfigurations = (
				1DEB91B208733DA50010E9CD /* Debug */,
				1DEB91B308733DA50010E9CD /* Release */,
			);
			defaultConfigurationIsVisible = 0;
			defaultConfigurationName = Debug;
		};
/* End XCConfigurationList section */
	};
	rootObject = 0867D690FE84028FC02AAC07 /* Project object */;
}
